PODS:
  - Alamofire (5.4.1)
  - SDWebImage (5.10.4):
    - SDWebImage/Core (= 5.10.4)
  - SDWebImage/Core (5.10.4)
  - SwiftyJSON (5.0.0)

DEPENDENCIES:
  - Alamofire (~> 5.2)
  - SDWebImage (~> 5.0)
  - SwiftyJSON (~> 5.0.0)

SPEC REPOS:
  trunk:
    - Alamofire
    - SDWebImage
    - SwiftyJSON

SPEC CHECKSUMS:
  Alamofire: 2291f7d21ca607c491dd17642e5d40fdcda0e65c
  SDWebImage: c666b97e1fa9c64b4909816a903322018f0a9c84
  SwiftyJSON: 36413e04c44ee145039d332b4f4e2d3e8d6c4db7

PODFILE CHECKSUM: b26a22b29655447b51a9709b77e69d6d19da3e36

COCOAPODS: 1.9.3
