// !$*UTF8*$!
{
	archiveVersion = 1;
	classes = {
	};
	objectVersion = 50;
	objects = {

/* Begin PBXBuildFile section */
		1BAA6C0825FA0F3C0050EDE0 /* AppDelegate.swift in Sources */ = {isa = PBXBuildFile; fileRef = 1BAA6C0725FA0F3C0050EDE0 /* AppDelegate.swift */; };
		1BAA6C0A25FA0F3C0050EDE0 /* SceneDelegate.swift in Sources */ = {isa = PBXBuildFile; fileRef = 1BAA6C0925FA0F3C0050EDE0 /* SceneDelegate.swift */; };
		1BAA6C0C25FA0F3C0050EDE0 /* ViewController.swift in Sources */ = {isa = PBXBuildFile; fileRef = 1BAA6C0B25FA0F3C0050EDE0 /* ViewController.swift */; };
		1BAA6C0F25FA0F3C0050EDE0 /* Main.storyboard in Resources */ = {isa = PBXBuildFile; fileRef = 1BAA6C0D25FA0F3C0050EDE0 /* Main.storyboard */; };
		1BAA6C1225FA0F3C0050EDE0 /* YamahaRidersClub.xcdatamodeld in Sources */ = {isa = PBXBuildFile; fileRef = 1BAA6C1025FA0F3C0050EDE0 /* YamahaRidersClub.xcdatamodeld */; };
		1BAA6C1425FA0F3F0050EDE0 /* Assets.xcassets in Resources */ = {isa = PBXBuildFile; fileRef = 1BAA6C1325FA0F3F0050EDE0 /* Assets.xcassets */; };
		1BAA6C1725FA0F3F0050EDE0 /* LaunchScreen.storyboard in Resources */ = {isa = PBXBuildFile; fileRef = 1BAA6C1525FA0F3F0050EDE0 /* LaunchScreen.storyboard */; };
		1BAA6C2225FA0F3F0050EDE0 /* YamahaRidersClubTests.swift in Sources */ = {isa = PBXBuildFile; fileRef = 1BAA6C2125FA0F3F0050EDE0 /* YamahaRidersClubTests.swift */; };
		1BAA6C2D25FA0F3F0050EDE0 /* YamahaRidersClubUITests.swift in Sources */ = {isa = PBXBuildFile; fileRef = 1BAA6C2C25FA0F3F0050EDE0 /* YamahaRidersClubUITests.swift */; };
/* End PBXBuildFile section */

/* Begin PBXContainerItemProxy section */
		1BAA6C1E25FA0F3F0050EDE0 /* PBXContainerItemProxy */ = {
			isa = PBXContainerItemProxy;
			containerPortal = 1BAA6BFC25FA0F3C0050EDE0 /* Project object */;
			proxyType = 1;
			remoteGlobalIDString = 1BAA6C0325FA0F3C0050EDE0;
			remoteInfo = YamahaRidersClub;
		};
		1BAA6C2925FA0F3F0050EDE0 /* PBXContainerItemProxy */ = {
			isa = PBXContainerItemProxy;
			containerPortal = 1BAA6BFC25FA0F3C0050EDE0 /* Project object */;
			proxyType = 1;
			remoteGlobalIDString = 1BAA6C0325FA0F3C0050EDE0;
			remoteInfo = YamahaRidersClub;
		};
/* End PBXContainerItemProxy section */

/* Begin PBXFileReference section */
		1BAA6C0425FA0F3C0050EDE0 /* YamahaRidersClub.app */ = {isa = PBXFileReference; explicitFileType = wrapper.application; includeInIndex = 0; path = YamahaRidersClub.app; sourceTree = BUILT_PRODUCTS_DIR; };
		1BAA6C0725FA0F3C0050EDE0 /* AppDelegate.swift */ = {isa = PBXFileReference; lastKnownFileType = sourcecode.swift; path = AppDelegate.swift; sourceTree = "<group>"; };
		1BAA6C0925FA0F3C0050EDE0 /* SceneDelegate.swift */ = {isa = PBXFileReference; lastKnownFileType = sourcecode.swift; path = SceneDelegate.swift; sourceTree = "<group>"; };
		1BAA6C0B25FA0F3C0050EDE0 /* ViewController.swift */ = {isa = PBXFileReference; lastKnownFileType = sourcecode.swift; path = ViewController.swift; sourceTree = "<group>"; };
		1BAA6C0E25FA0F3C0050EDE0 /* Base */ = {isa = PBXFileReference; lastKnownFileType = file.storyboard; name = Base; path = Base.lproj/Main.storyboard; sourceTree = "<group>"; };
		1BAA6C1125FA0F3C0050EDE0 /* YamahaRidersClub.xcdatamodel */ = {isa = PBXFileReference; lastKnownFileType = wrapper.xcdatamodel; path = YamahaRidersClub.xcdatamodel; sourceTree = "<group>"; };
		1BAA6C1325FA0F3F0050EDE0 /* Assets.xcassets */ = {isa = PBXFileReference; lastKnownFileType = folder.assetcatalog; path = Assets.xcassets; sourceTree = "<group>"; };
		1BAA6C1625FA0F3F0050EDE0 /* Base */ = {isa = PBXFileReference; lastKnownFileType = file.storyboard; name = Base; path = Base.lproj/LaunchScreen.storyboard; sourceTree = "<group>"; };
		1BAA6C1825FA0F3F0050EDE0 /* Info.plist */ = {isa = PBXFileReference; lastKnownFileType = text.plist.xml; path = Info.plist; sourceTree = "<group>"; };
		1BAA6C1D25FA0F3F0050EDE0 /* YamahaRidersClubTests.xctest */ = {isa = PBXFileReference; explicitFileType = wrapper.cfbundle; includeInIndex = 0; path = YamahaRidersClubTests.xctest; sourceTree = BUILT_PRODUCTS_DIR; };
		1BAA6C2125FA0F3F0050EDE0 /* YamahaRidersClubTests.swift */ = {isa = PBXFileReference; lastKnownFileType = sourcecode.swift; path = YamahaRidersClubTests.swift; sourceTree = "<group>"; };
		1BAA6C2325FA0F3F0050EDE0 /* Info.plist */ = {isa = PBXFileReference; lastKnownFileType = text.plist.xml; path = Info.plist; sourceTree = "<group>"; };
		1BAA6C2825FA0F3F0050EDE0 /* YamahaRidersClubUITests.xctest */ = {isa = PBXFileReference; explicitFileType = wrapper.cfbundle; includeInIndex = 0; path = YamahaRidersClubUITests.xctest; sourceTree = BUILT_PRODUCTS_DIR; };
		1BAA6C2C25FA0F3F0050EDE0 /* YamahaRidersClubUITests.swift */ = {isa = PBXFileReference; lastKnownFileType = sourcecode.swift; path = YamahaRidersClubUITests.swift; sourceTree = "<group>"; };
		1BAA6C2E25FA0F3F0050EDE0 /* Info.plist */ = {isa = PBXFileReference; lastKnownFileType = text.plist.xml; path = Info.plist; sourceTree = "<group>"; };
/* End PBXFileReference section */

/* Begin PBXFrameworksBuildPhase section */
		1BAA6C0125FA0F3C0050EDE0 /* Frameworks */ = {
			isa = PBXFrameworksBuildPhase;
			buildActionMask = 2147483647;
			files = (
			);
			runOnlyForDeploymentPostprocessing = 0;
		};
		1BAA6C1A25FA0F3F0050EDE0 /* Frameworks */ = {
			isa = PBXFrameworksBuildPhase;
			buildActionMask = 2147483647;
			files = (
			);
			runOnlyForDeploymentPostprocessing = 0;
		};
		1BAA6C2525FA0F3F0050EDE0 /* Frameworks */ = {
			isa = PBXFrameworksBuildPhase;
			buildActionMask = 2147483647;
			files = (
			);
			runOnlyForDeploymentPostprocessing = 0;
		};
/* End PBXFrameworksBuildPhase section */

/* Begin PBXGroup section */
		1BAA6BFB25FA0F3C0050EDE0 = {
			isa = PBXGroup;
			children = (
				1BAA6C0625FA0F3C0050EDE0 /* YamahaRidersClub */,
				1BAA6C2025FA0F3F0050EDE0 /* YamahaRidersClubTests */,
				1BAA6C2B25FA0F3F0050EDE0 /* YamahaRidersClubUITests */,
				1BAA6C0525FA0F3C0050EDE0 /* Products */,
			);
			sourceTree = "<group>";
		};
		1BAA6C0525FA0F3C0050EDE0 /* Products */ = {
			isa = PBXGroup;
			children = (
				1BAA6C0425FA0F3C0050EDE0 /* YamahaRidersClub.app */,
				1BAA6C1D25FA0F3F0050EDE0 /* YamahaRidersClubTests.xctest */,
				1BAA6C2825FA0F3F0050EDE0 /* YamahaRidersClubUITests.xctest */,
			);
			name = Products;
			sourceTree = "<group>";
		};
		1BAA6C0625FA0F3C0050EDE0 /* YamahaRidersClub */ = {
			isa = PBXGroup;
			children = (
				1BAA6C0725FA0F3C0050EDE0 /* AppDelegate.swift */,
				1BAA6C0925FA0F3C0050EDE0 /* SceneDelegate.swift */,
				1BAA6C0B25FA0F3C0050EDE0 /* ViewController.swift */,
				1BAA6C0D25FA0F3C0050EDE0 /* Main.storyboard */,
				1BAA6C1325FA0F3F0050EDE0 /* Assets.xcassets */,
				1BAA6C1525FA0F3F0050EDE0 /* LaunchScreen.storyboard */,
				1BAA6C1825FA0F3F0050EDE0 /* Info.plist */,
				1BAA6C1025FA0F3C0050EDE0 /* YamahaRidersClub.xcdatamodeld */,
			);
			path = YamahaRidersClub;
			sourceTree = "<group>";
		};
		1BAA6C2025FA0F3F0050EDE0 /* YamahaRidersClubTests */ = {
			isa = PBXGroup;
			children = (
				1BAA6C2125FA0F3F0050EDE0 /* YamahaRidersClubTests.swift */,
				1BAA6C2325FA0F3F0050EDE0 /* Info.plist */,
			);
			path = YamahaRidersClubTests;
			sourceTree = "<group>";
		};
		1BAA6C2B25FA0F3F0050EDE0 /* YamahaRidersClubUITests */ = {
			isa = PBXGroup;
			children = (
				1BAA6C2C25FA0F3F0050EDE0 /* YamahaRidersClubUITests.swift */,
				1BAA6C2E25FA0F3F0050EDE0 /* Info.plist */,
			);
			path = YamahaRidersClubUITests;
			sourceTree = "<group>";
		};
/* End PBXGroup section */

/* Begin PBXNativeTarget section */
		1BAA6C0325FA0F3C0050EDE0 /* YamahaRidersClub */ = {
			isa = PBXNativeTarget;
			buildConfigurationList = 1BAA6C3125FA0F3F0050EDE0 /* Build configuration list for PBXNativeTarget "YamahaRidersClub" */;
			buildPhases = (
				1BAA6C0025FA0F3C0050EDE0 /* Sources */,
				1BAA6C0125FA0F3C0050EDE0 /* Frameworks */,
				1BAA6C0225FA0F3C0050EDE0 /* Resources */,
			);
			buildRules = (
			);
			dependencies = (
			);
			name = YamahaRidersClub;
			productName = YamahaRidersClub;
			productReference = 1BAA6C0425FA0F3C0050EDE0 /* YamahaRidersClub.app */;
			productType = "com.apple.product-type.application";
		};
		1BAA6C1C25FA0F3F0050EDE0 /* YamahaRidersClubTests */ = {
			isa = PBXNativeTarget;
			buildConfigurationList = 1BAA6C3425FA0F3F0050EDE0 /* Build configuration list for PBXNativeTarget "YamahaRidersClubTests" */;
			buildPhases = (
				1BAA6C1925FA0F3F0050EDE0 /* Sources */,
				1BAA6C1A25FA0F3F0050EDE0 /* Frameworks */,
				1BAA6C1B25FA0F3F0050EDE0 /* Resources */,
			);
			buildRules = (
			);
			dependencies = (
				1BAA6C1F25FA0F3F0050EDE0 /* PBXTargetDependency */,
			);
			name = YamahaRidersClubTests;
			productName = YamahaRidersClubTests;
			productReference = 1BAA6C1D25FA0F3F0050EDE0 /* YamahaRidersClubTests.xctest */;
			productType = "com.apple.product-type.bundle.unit-test";
		};
		1BAA6C2725FA0F3F0050EDE0 /* YamahaRidersClubUITests */ = {
			isa = PBXNativeTarget;
			buildConfigurationList = 1BAA6C3725FA0F3F0050EDE0 /* Build configuration list for PBXNativeTarget "YamahaRidersClubUITests" */;
			buildPhases = (
				1BAA6C2425FA0F3F0050EDE0 /* Sources */,
				1BAA6C2525FA0F3F0050EDE0 /* Frameworks */,
				1BAA6C2625FA0F3F0050EDE0 /* Resources */,
			);
			buildRules = (
			);
			dependencies = (
				1BAA6C2A25FA0F3F0050EDE0 /* PBXTargetDependency */,
			);
			name = YamahaRidersClubUITests;
			productName = YamahaRidersClubUITests;
			productReference = 1BAA6C2825FA0F3F0050EDE0 /* YamahaRidersClubUITests.xctest */;
			productType = "com.apple.product-type.bundle.ui-testing";
		};
/* End PBXNativeTarget section */

/* Begin PBXProject section */
		1BAA6BFC25FA0F3C0050EDE0 /* Project object */ = {
			isa = PBXProject;
			attributes = {
				LastSwiftUpdateCheck = 1200;
				LastUpgradeCheck = 1200;
				TargetAttributes = {
					1BAA6C0325FA0F3C0050EDE0 = {
						CreatedOnToolsVersion = 12.0;
					};
					1BAA6C1C25FA0F3F0050EDE0 = {
						CreatedOnToolsVersion = 12.0;
						TestTargetID = 1BAA6C0325FA0F3C0050EDE0;
					};
					1BAA6C2725FA0F3F0050EDE0 = {
						CreatedOnToolsVersion = 12.0;
						TestTargetID = 1BAA6C0325FA0F3C0050EDE0;
					};
				};
			};
			buildConfigurationList = 1BAA6BFF25FA0F3C0050EDE0 /* Build configuration list for PBXProject "YamahaRidersClub" */;
			compatibilityVersion = "Xcode 9.3";
			developmentRegion = en;
			hasScannedForEncodings = 0;
			knownRegions = (
				en,
				Base,
			);
			mainGroup = 1BAA6BFB25FA0F3C0050EDE0;
			productRefGroup = 1BAA6C0525FA0F3C0050EDE0 /* Products */;
			projectDirPath = "";
			projectRoot = "";
			targets = (
				1BAA6C0325FA0F3C0050EDE0 /* YamahaRidersClub */,
				1BAA6C1C25FA0F3F0050EDE0 /* YamahaRidersClubTests */,
				1BAA6C2725FA0F3F0050EDE0 /* YamahaRidersClubUITests */,
			);
		};
/* End PBXProject section */

/* Begin PBXResourcesBuildPhase section */
		1BAA6C0225FA0F3C0050EDE0 /* Resources */ = {
			isa = PBXResourcesBuildPhase;
			buildActionMask = 2147483647;
			files = (
				1BAA6C1725FA0F3F0050EDE0 /* LaunchScreen.storyboard in Resources */,
				1BAA6C1425FA0F3F0050EDE0 /* Assets.xcassets in Resources */,
				1BAA6C0F25FA0F3C0050EDE0 /* Main.storyboard in Resources */,
			);
			runOnlyForDeploymentPostprocessing = 0;
		};
		1BAA6C1B25FA0F3F0050EDE0 /* Resources */ = {
			isa = PBXResourcesBuildPhase;
			buildActionMask = 2147483647;
			files = (
			);
			runOnlyForDeploymentPostprocessing = 0;
		};
		1BAA6C2625FA0F3F0050EDE0 /* Resources */ = {
			isa = PBXResourcesBuildPhase;
			buildActionMask = 2147483647;
			files = (
			);
			runOnlyForDeploymentPostprocessing = 0;
		};
/* End PBXResourcesBuildPhase section */

/* Begin PBXSourcesBuildPhase section */
		1BAA6C0025FA0F3C0050EDE0 /* Sources */ = {
			isa = PBXSourcesBuildPhase;
			buildActionMask = 2147483647;
			files = (
				1BAA6C0C25FA0F3C0050EDE0 /* ViewController.swift in Sources */,
				1BAA6C1225FA0F3C0050EDE0 /* YamahaRidersClub.xcdatamodeld in Sources */,
				1BAA6C0825FA0F3C0050EDE0 /* AppDelegate.swift in Sources */,
				1BAA6C0A25FA0F3C0050EDE0 /* SceneDelegate.swift in Sources */,
			);
			runOnlyForDeploymentPostprocessing = 0;
		};
		1BAA6C1925FA0F3F0050EDE0 /* Sources */ = {
			isa = PBXSourcesBuildPhase;
			buildActionMask = 2147483647;
			files = (
				1BAA6C2225FA0F3F0050EDE0 /* YamahaRidersClubTests.swift in Sources */,
			);
			runOnlyForDeploymentPostprocessing = 0;
		};
		1BAA6C2425FA0F3F0050EDE0 /* Sources */ = {
			isa = PBXSourcesBuildPhase;
			buildActionMask = 2147483647;
			files = (
				1BAA6C2D25FA0F3F0050EDE0 /* YamahaRidersClubUITests.swift in Sources */,
			);
			runOnlyForDeploymentPostprocessing = 0;
		};
/* End PBXSourcesBuildPhase section */

/* Begin PBXTargetDependency section */
		1BAA6C1F25FA0F3F0050EDE0 /* PBXTargetDependency */ = {
			isa = PBXTargetDependency;
			target = 1BAA6C0325FA0F3C0050EDE0 /* YamahaRidersClub */;
			targetProxy = 1BAA6C1E25FA0F3F0050EDE0 /* PBXContainerItemProxy */;
		};
		1BAA6C2A25FA0F3F0050EDE0 /* PBXTargetDependency */ = {
			isa = PBXTargetDependency;
			target = 1BAA6C0325FA0F3C0050EDE0 /* YamahaRidersClub */;
			targetProxy = 1BAA6C2925FA0F3F0050EDE0 /* PBXContainerItemProxy */;
		};
/* End PBXTargetDependency section */

/* Begin PBXVariantGroup section */
		1BAA6C0D25FA0F3C0050EDE0 /* Main.storyboard */ = {
			isa = PBXVariantGroup;
			children = (
				1BAA6C0E25FA0F3C0050EDE0 /* Base */,
			);
			name = Main.storyboard;
			sourceTree = "<group>";
		};
		1BAA6C1525FA0F3F0050EDE0 /* LaunchScreen.storyboard */ = {
			isa = PBXVariantGroup;
			children = (
				1BAA6C1625FA0F3F0050EDE0 /* Base */,
			);
			name = LaunchScreen.storyboard;
			sourceTree = "<group>";
		};
/* End PBXVariantGroup section */

/* Begin XCBuildConfiguration section */
		1BAA6C2F25FA0F3F0050EDE0 /* Debug */ = {
			isa = XCBuildConfiguration;
			buildSettings = {
				ALWAYS_SEARCH_USER_PATHS = NO;
				CLANG_ANALYZER_NONNULL = YES;
				CLANG_ANALYZER_NUMBER_OBJECT_CONVERSION = YES_AGGRESSIVE;
				CLANG_CXX_LANGUAGE_STANDARD = "gnu++14";
				CLANG_CXX_LIBRARY = "libc++";
				CLANG_ENABLE_MODULES = YES;
				CLANG_ENABLE_OBJC_ARC = YES;
				CLANG_ENABLE_OBJC_WEAK = YES;
				CLANG_WARN_BLOCK_CAPTURE_AUTORELEASING = YES;
				CLANG_WARN_BOOL_CONVERSION = YES;
				CLANG_WARN_COMMA = YES;
				CLANG_WARN_CONSTANT_CONVERSION = YES;
				CLANG_WARN_DEPRECATED_OBJC_IMPLEMENTATIONS = YES;
				CLANG_WARN_DIRECT_OBJC_ISA_USAGE = YES_ERROR;
				CLANG_WARN_DOCUMENTATION_COMMENTS = YES;
				CLANG_WARN_EMPTY_BODY = YES;
				CLANG_WARN_ENUM_CONVERSION = YES;
				CLANG_WARN_INFINITE_RECURSION = YES;
				CLANG_WARN_INT_CONVERSION = YES;
				CLANG_WARN_NON_LITERAL_NULL_CONVERSION = YES;
				CLANG_WARN_OBJC_IMPLICIT_RETAIN_SELF = YES;
				CLANG_WARN_OBJC_LITERAL_CONVERSION = YES;
				CLANG_WARN_OBJC_ROOT_CLASS = YES_ERROR;
				CLANG_WARN_QUOTED_INCLUDE_IN_FRAMEWORK_HEADER = YES;
				CLANG_WARN_RANGE_LOOP_ANALYSIS = YES;
				CLANG_WARN_STRICT_PROTOTYPES = YES;
				CLANG_WARN_SUSPICIOUS_MOVE = YES;
				CLANG_WARN_UNGUARDED_AVAILABILITY = YES_AGGRESSIVE;
				CLANG_WARN_UNREACHABLE_CODE = YES;
				CLANG_WARN__DUPLICATE_METHOD_MATCH = YES;
				COPY_PHASE_STRIP = NO;
				DEBUG_INFORMATION_FORMAT = dwarf;
				ENABLE_STRICT_OBJC_MSGSEND = YES;
				ENABLE_TESTABILITY = YES;
				GCC_C_LANGUAGE_STANDARD = gnu11;
				GCC_DYNAMIC_NO_PIC = NO;
				GCC_NO_COMMON_BLOCKS = YES;
				GCC_OPTIMIZATION_LEVEL = 0;
				GCC_PREPROCESSOR_DEFINITIONS = (
					"DEBUG=1",
					"$(inherited)",
				);
				GCC_WARN_64_TO_32_BIT_CONVERSION = YES;
				GCC_WARN_ABOUT_RETURN_TYPE = YES_ERROR;
				GCC_WARN_UNDECLARED_SELECTOR = YES;
				GCC_WARN_UNINITIALIZED_AUTOS = YES_AGGRESSIVE;
				GCC_WARN_UNUSED_FUNCTION = YES;
				GCC_WARN_UNUSED_VARIABLE = YES;
				IPHONEOS_DEPLOYMENT_TARGET = 14.0;
				MTL_ENABLE_DEBUG_INFO = INCLUDE_SOURCE;
				MTL_FAST_MATH = YES;
				ONLY_ACTIVE_ARCH = YES;
				SDKROOT = iphoneos;
				SWIFT_ACTIVE_COMPILATION_CONDITIONS = DEBUG;
				SWIFT_OPTIMIZATION_LEVEL = "-Onone";
			};
			name = Debug;
		};
		1BAA6C3025FA0F3F0050EDE0 /* Release */ = {
			isa = XCBuildConfiguration;
			buildSettings = {
				ALWAYS_SEARCH_USER_PATHS = NO;
				CLANG_ANALYZER_NONNULL = YES;
				CLANG_ANALYZER_NUMBER_OBJECT_CONVERSION = YES_AGGRESSIVE;
				CLANG_CXX_LANGUAGE_STANDARD = "gnu++14";
				CLANG_CXX_LIBRARY = "libc++";
				CLANG_ENABLE_MODULES = YES;
				CLANG_ENABLE_OBJC_ARC = YES;
				CLANG_ENABLE_OBJC_WEAK = YES;
				CLANG_WARN_BLOCK_CAPTURE_AUTORELEASING = YES;
				CLANG_WARN_BOOL_CONVERSION = YES;
				CLANG_WARN_COMMA = YES;
				CLANG_WARN_CONSTANT_CONVERSION = YES;
				CLANG_WARN_DEPRECATED_OBJC_IMPLEMENTATIONS = YES;
				CLANG_WARN_DIRECT_OBJC_ISA_USAGE = YES_ERROR;
				CLANG_WARN_DOCUMENTATION_COMMENTS = YES;
				CLANG_WARN_EMPTY_BODY = YES;
				CLANG_WARN_ENUM_CONVERSION = YES;
				CLANG_WARN_INFINITE_RECURSION = YES;
				CLANG_WARN_INT_CONVERSION = YES;
				CLANG_WARN_NON_LITERAL_NULL_CONVERSION = YES;
				CLANG_WARN_OBJC_IMPLICIT_RETAIN_SELF = YES;
				CLANG_WARN_OBJC_LITERAL_CONVERSION = YES;
				CLANG_WARN_OBJC_ROOT_CLASS = YES_ERROR;
				CLANG_WARN_QUOTED_INCLUDE_IN_FRAMEWORK_HEADER = YES;
				CLANG_WARN_RANGE_LOOP_ANALYSIS = YES;
				CLANG_WARN_STRICT_PROTOTYPES = YES;
				CLANG_WARN_SUSPICIOUS_MOVE = YES;
				CLANG_WARN_UNGUARDED_AVAILABILITY = YES_AGGRESSIVE;
				CLANG_WARN_UNREACHABLE_CODE = YES;
				CLANG_WARN__DUPLICATE_METHOD_MATCH = YES;
				COPY_PHASE_STRIP = NO;
				DEBUG_INFORMATION_FORMAT = "dwarf-with-dsym";
				ENABLE_NS_ASSERTIONS = NO;
				ENABLE_STRICT_OBJC_MSGSEND = YES;
				GCC_C_LANGUAGE_STANDARD = gnu11;
				GCC_NO_COMMON_BLOCKS = YES;
				GCC_WARN_64_TO_32_BIT_CONVERSION = YES;
				GCC_WARN_ABOUT_RETURN_TYPE = YES_ERROR;
				GCC_WARN_UNDECLARED_SELECTOR = YES;
				GCC_WARN_UNINITIALIZED_AUTOS = YES_AGGRESSIVE;
				GCC_WARN_UNUSED_FUNCTION = YES;
				GCC_WARN_UNUSED_VARIABLE = YES;
				IPHONEOS_DEPLOYMENT_TARGET = 14.0;
				MTL_ENABLE_DEBUG_INFO = NO;
				MTL_FAST_MATH = YES;
				SDKROOT = iphoneos;
				SWIFT_COMPILATION_MODE = wholemodule;
				SWIFT_OPTIMIZATION_LEVEL = "-O";
				VALIDATE_PRODUCT = YES;
			};
			name = Release;
		};
		1BAA6C3225FA0F3F0050EDE0 /* Debug */ = {
			isa = XCBuildConfiguration;
			buildSettings = {
				ASSETCATALOG_COMPILER_APPICON_NAME = AppIcon;
				ASSETCATALOG_COMPILER_GLOBAL_ACCENT_COLOR_NAME = AccentColor;
				CODE_SIGN_STYLE = Automatic;
				DEVELOPMENT_TEAM = 66MXJKH4WQ;
				INFOPLIST_FILE = YamahaRidersClub/Info.plist;
				LD_RUNPATH_SEARCH_PATHS = (
					"$(inherited)",
					"@executable_path/Frameworks",
				);
				PRODUCT_BUNDLE_IDENTIFIER = com.project2.YamahaRidersClub;
				PRODUCT_NAME = "$(TARGET_NAME)";
				SWIFT_VERSION = 5.0;
				TARGETED_DEVICE_FAMILY = "1,2";
			};
			name = Debug;
		};
		1BAA6C3325FA0F3F0050EDE0 /* Release */ = {
			isa = XCBuildConfiguration;
			buildSettings = {
				ASSETCATALOG_COMPILER_APPICON_NAME = AppIcon;
				ASSETCATALOG_COMPILER_GLOBAL_ACCENT_COLOR_NAME = AccentColor;
				CODE_SIGN_STYLE = Automatic;
				DEVELOPMENT_TEAM = 66MXJKH4WQ;
				INFOPLIST_FILE = YamahaRidersClub/Info.plist;
				LD_RUNPATH_SEARCH_PATHS = (
					"$(inherited)",
					"@executable_path/Frameworks",
				);
				PRODUCT_BUNDLE_IDENTIFIER = com.project2.YamahaRidersClub;
				PRODUCT_NAME = "$(TARGET_NAME)";
				SWIFT_VERSION = 5.0;
				TARGETED_DEVICE_FAMILY = "1,2";
			};
			name = Release;
		};
		1BAA6C3525FA0F3F0050EDE0 /* Debug */ = {
			isa = XCBuildConfiguration;
			buildSettings = {
				ALWAYS_EMBED_SWIFT_STANDARD_LIBRARIES = YES;
				BUNDLE_LOADER = "$(TEST_HOST)";
				CODE_SIGN_STYLE = Automatic;
				DEVELOPMENT_TEAM = 66MXJKH4WQ;
				INFOPLIST_FILE = YamahaRidersClubTests/Info.plist;
				IPHONEOS_DEPLOYMENT_TARGET = 14.0;
				LD_RUNPATH_SEARCH_PATHS = (
					"$(inherited)",
					"@executable_path/Frameworks",
					"@loader_path/Frameworks",
				);
				PRODUCT_BUNDLE_IDENTIFIER = com.project2.YamahaRidersClubTests;
				PRODUCT_NAME = "$(TARGET_NAME)";
				SWIFT_VERSION = 5.0;
				TARGETED_DEVICE_FAMILY = "1,2";
				TEST_HOST = "$(BUILT_PRODUCTS_DIR)/YamahaRidersClub.app/YamahaRidersClub";
			};
			name = Debug;
		};
		1BAA6C3625FA0F3F0050EDE0 /* Release */ = {
			isa = XCBuildConfiguration;
			buildSettings = {
				ALWAYS_EMBED_SWIFT_STANDARD_LIBRARIES = YES;
				BUNDLE_LOADER = "$(TEST_HOST)";
				CODE_SIGN_STYLE = Automatic;
				DEVELOPMENT_TEAM = 66MXJKH4WQ;
				INFOPLIST_FILE = YamahaRidersClubTests/Info.plist;
				IPHONEOS_DEPLOYMENT_TARGET = 14.0;
				LD_RUNPATH_SEARCH_PATHS = (
					"$(inherited)",
					"@executable_path/Frameworks",
					"@loader_path/Frameworks",
				);
				PRODUCT_BUNDLE_IDENTIFIER = com.project2.YamahaRidersClubTests;
				PRODUCT_NAME = "$(TARGET_NAME)";
				SWIFT_VERSION = 5.0;
				TARGETED_DEVICE_FAMILY = "1,2";
				TEST_HOST = "$(BUILT_PRODUCTS_DIR)/YamahaRidersClub.app/YamahaRidersClub";
			};
			name = Release;
		};
		1BAA6C3825FA0F3F0050EDE0 /* Debug */ = {
			isa = XCBuildConfiguration;
			buildSettings = {
				ALWAYS_EMBED_SWIFT_STANDARD_LIBRARIES = YES;
				CODE_SIGN_STYLE = Automatic;
				DEVELOPMENT_TEAM = 66MXJKH4WQ;
				INFOPLIST_FILE = YamahaRidersClubUITests/Info.plist;
				LD_RUNPATH_SEARCH_PATHS = (
					"$(inherited)",
					"@executable_path/Frameworks",
					"@loader_path/Frameworks",
				);
				PRODUCT_BUNDLE_IDENTIFIER = com.project2.YamahaRidersClubUITests;
				PRODUCT_NAME = "$(TARGET_NAME)";
				SWIFT_VERSION = 5.0;
				TARGETED_DEVICE_FAMILY = "1,2";
				TEST_TARGET_NAME = YamahaRidersClub;
			};
			name = Debug;
		};
		1BAA6C3925FA0F3F0050EDE0 /* Release */ = {
			isa = XCBuildConfiguration;
			buildSettings = {
				ALWAYS_EMBED_SWIFT_STANDARD_LIBRARIES = YES;
				CODE_SIGN_STYLE = Automatic;
				DEVELOPMENT_TEAM = 66MXJKH4WQ;
				INFOPLIST_FILE = YamahaRidersClubUITests/Info.plist;
				LD_RUNPATH_SEARCH_PATHS = (
					"$(inherited)",
					"@executable_path/Frameworks",
					"@loader_path/Frameworks",
				);
				PRODUCT_BUNDLE_IDENTIFIER = com.project2.YamahaRidersClubUITests;
				PRODUCT_NAME = "$(TARGET_NAME)";
				SWIFT_VERSION = 5.0;
				TARGETED_DEVICE_FAMILY = "1,2";
				TEST_TARGET_NAME = YamahaRidersClub;
			};
			name = Release;
		};
/* End XCBuildConfiguration section */

/* Begin XCConfigurationList section */
		1BAA6BFF25FA0F3C0050EDE0 /* Build configuration list for PBXProject "YamahaRidersClub" */ = {
			isa = XCConfigurationList;
			buildConfigurations = (
				1BAA6C2F25FA0F3F0050EDE0 /* Debug */,
				1BAA6C3025FA0F3F0050EDE0 /* Release */,
			);
			defaultConfigurationIsVisible = 0;
			defaultConfigurationName = Release;
		};
		1BAA6C3125FA0F3F0050EDE0 /* Build configuration list for PBXNativeTarget "YamahaRidersClub" */ = {
			isa = XCConfigurationList;
			buildConfigurations = (
				1BAA6C3225FA0F3F0050EDE0 /* Debug */,
				1BAA6C3325FA0F3F0050EDE0 /* Release */,
			);
			defaultConfigurationIsVisible = 0;
			defaultConfigurationName = Release;
		};
		1BAA6C3425FA0F3F0050EDE0 /* Build configuration list for PBXNativeTarget "YamahaRidersClubTests" */ = {
			isa = XCConfigurationList;
			buildConfigurations = (
				1BAA6C3525FA0F3F0050EDE0 /* Debug */,
				1BAA6C3625FA0F3F0050EDE0 /* Release */,
			);
			defaultConfigurationIsVisible = 0;
			defaultConfigurationName = Release;
		};
		1BAA6C3725FA0F3F0050EDE0 /* Build configuration list for PBXNativeTarget "YamahaRidersClubUITests" */ = {
			isa = XCConfigurationList;
			buildConfigurations = (
				1BAA6C3825FA0F3F0050EDE0 /* Debug */,
				1BAA6C3925FA0F3F0050EDE0 /* Release */,
			);
			defaultConfigurationIsVisible = 0;
			defaultConfigurationName = Release;
		};
/* End XCConfigurationList section */

/* Begin XCVersionGroup section */
		1BAA6C1025FA0F3C0050EDE0 /* YamahaRidersClub.xcdatamodeld */ = {
			isa = XCVersionGroup;
			children = (
				1BAA6C1125FA0F3C0050EDE0 /* YamahaRidersClub.xcdatamodel */,
			);
			currentVersion = 1BAA6C1125FA0F3C0050EDE0 /* YamahaRidersClub.xcdatamodel */;
			path = YamahaRidersClub.xcdatamodeld;
			sourceTree = "<group>";
			versionGroupType = wrapper.xcdatamodel;
		};
/* End XCVersionGroup section */
	};
	rootObject = 1BAA6BFC25FA0F3C0050EDE0 /* Project object */;
}
