// !$*UTF8*$!
{
	archiveVersion = 1;
	classes = {
	};
	objectVersion = 51;
	objects = {

/* Begin PBXBuildFile section */
		1B0BFDBF260540D600939FBA /* Constants.swift in Sources */ = {isa = PBXBuildFile; fileRef = 1B0BFDBE260540D500939FBA /* Constants.swift */; };
		1B0BFDC426054A9E00939FBA /* UserInfo.swift in Sources */ = {isa = PBXBuildFile; fileRef = 1B0BFDC326054A9E00939FBA /* UserInfo.swift */; };
		1B0BFDC9260658CF00939FBA /* QRScannerViewController.swift in Sources */ = {isa = PBXBuildFile; fileRef = 1B0BFDC8260658CF00939FBA /* QRScannerViewController.swift */; };
		1B0BFDD2260714E900939FBA /* ArticleViewController.swift in Sources */ = {isa = PBXBuildFile; fileRef = 1B0BFDD1260714E800939FBA /* ArticleViewController.swift */; };
		1B0BFDD72607151200939FBA /* ArticleTableViewCell.swift in Sources */ = {isa = PBXBuildFile; fileRef = 1B0BFDD62607151200939FBA /* ArticleTableViewCell.swift */; };
		1B0BFDDC260726EA00939FBA /* EventModel.swift in Sources */ = {isa = PBXBuildFile; fileRef = 1B0BFDDB260726EA00939FBA /* EventModel.swift */; };
		1B1C173A25FA9B67008FF687 /* LoginModel.swift in Sources */ = {isa = PBXBuildFile; fileRef = 1B1C173925FA9B67008FF687 /* LoginModel.swift */; };
		1B1C174125FF26EC008FF687 /* HomeViewController.swift in Sources */ = {isa = PBXBuildFile; fileRef = 1B1C174025FF26EC008FF687 /* HomeViewController.swift */; };
		1B1C174625FF281A008FF687 /* MenuViewController.swift in Sources */ = {isa = PBXBuildFile; fileRef = 1B1C174525FF281A008FF687 /* MenuViewController.swift */; };
		1B1C174B25FF3B07008FF687 /* MenuTitleTableViewCell.swift in Sources */ = {isa = PBXBuildFile; fileRef = 1B1C174A25FF3B06008FF687 /* MenuTitleTableViewCell.swift */; };
		1B1C175025FF3B4E008FF687 /* MenuItemTableViewCell.swift in Sources */ = {isa = PBXBuildFile; fileRef = 1B1C174F25FF3B4E008FF687 /* MenuItemTableViewCell.swift */; };
		1B1C175625FF3E31008FF687 /* MenuListItem.swift in Sources */ = {isa = PBXBuildFile; fileRef = 1B1C175525FF3E31008FF687 /* MenuListItem.swift */; };
		1B1C175B25FF6838008FF687 /* DidSelectMenuItemOption.swift in Sources */ = {isa = PBXBuildFile; fileRef = 1B1C175A25FF6838008FF687 /* DidSelectMenuItemOption.swift */; };
		1B1C176125FF7D61008FF687 /* SlideInTransition.swift in Sources */ = {isa = PBXBuildFile; fileRef = 1B1C176025FF7D61008FF687 /* SlideInTransition.swift */; };
		1BAA6C0825FA0F3C0050EDE0 /* AppDelegate.swift in Sources */ = {isa = PBXBuildFile; fileRef = 1BAA6C0725FA0F3C0050EDE0 /* AppDelegate.swift */; };
		1BAA6C0A25FA0F3C0050EDE0 /* SceneDelegate.swift in Sources */ = {isa = PBXBuildFile; fileRef = 1BAA6C0925FA0F3C0050EDE0 /* SceneDelegate.swift */; };
		1BAA6C0C25FA0F3C0050EDE0 /* ViewController.swift in Sources */ = {isa = PBXBuildFile; fileRef = 1BAA6C0B25FA0F3C0050EDE0 /* ViewController.swift */; };
		1BAA6C0F25FA0F3C0050EDE0 /* Main.storyboard in Resources */ = {isa = PBXBuildFile; fileRef = 1BAA6C0D25FA0F3C0050EDE0 /* Main.storyboard */; };
		1BAA6C1225FA0F3C0050EDE0 /* YamahaRidersClub.xcdatamodeld in Sources */ = {isa = PBXBuildFile; fileRef = 1BAA6C1025FA0F3C0050EDE0 /* YamahaRidersClub.xcdatamodeld */; };
		1BAA6C1425FA0F3F0050EDE0 /* Assets.xcassets in Resources */ = {isa = PBXBuildFile; fileRef = 1BAA6C1325FA0F3F0050EDE0 /* Assets.xcassets */; };
		1BAA6C1725FA0F3F0050EDE0 /* LaunchScreen.storyboard in Resources */ = {isa = PBXBuildFile; fileRef = 1BAA6C1525FA0F3F0050EDE0 /* LaunchScreen.storyboard */; };
		1BAA6C2225FA0F3F0050EDE0 /* YamahaRidersClubTests.swift in Sources */ = {isa = PBXBuildFile; fileRef = 1BAA6C2125FA0F3F0050EDE0 /* YamahaRidersClubTests.swift */; };
		1BAA6C2D25FA0F3F0050EDE0 /* YamahaRidersClubUITests.swift in Sources */ = {isa = PBXBuildFile; fileRef = 1BAA6C2C25FA0F3F0050EDE0 /* YamahaRidersClubUITests.swift */; };
		1BAA6C3F25FA93D50050EDE0 /* LoginService.swift in Sources */ = {isa = PBXBuildFile; fileRef = 1BAA6C3E25FA93D50050EDE0 /* LoginService.swift */; };
		1BEC5F6E2602928300664EA6 /* LoginData.swift in Sources */ = {isa = PBXBuildFile; fileRef = 1BEC5F6D2602928300664EA6 /* LoginData.swift */; };
		1BEC5F73260292D200664EA6 /* LoginManager.swift in Sources */ = {isa = PBXBuildFile; fileRef = 1BEC5F72260292D200664EA6 /* LoginManager.swift */; };
		1BEC5F792602B29500664EA6 /* MobileVerificationViewController.swift in Sources */ = {isa = PBXBuildFile; fileRef = 1BEC5F782602B29500664EA6 /* MobileVerificationViewController.swift */; };
		1BEC5F7E2602BB6400664EA6 /* ArticleModel.swift in Sources */ = {isa = PBXBuildFile; fileRef = 1BEC5F7D2602BB6400664EA6 /* ArticleModel.swift */; };
		1BEC5F8B2602BCED00664EA6 /* ArticleManager.swift in Sources */ = {isa = PBXBuildFile; fileRef = 1BEC5F8A2602BCED00664EA6 /* ArticleManager.swift */; };
		1BEC5F902602D5E300664EA6 /* ArticleData.swift in Sources */ = {isa = PBXBuildFile; fileRef = 1BEC5F8F2602D5E200664EA6 /* ArticleData.swift */; };
		1BEC5FBF2603C5AA00664EA6 /* ProfileViewController.swift in Sources */ = {isa = PBXBuildFile; fileRef = 1BEC5FBE2603C5A900664EA6 /* ProfileViewController.swift */; };
		1BEC5FC72603F44800664EA6 /* WeatherViewController.swift in Sources */ = {isa = PBXBuildFile; fileRef = 1BEC5FC62603F44800664EA6 /* WeatherViewController.swift */; };
		1BEC5FCC2603F4C200664EA6 /* WeatherManager.swift in Sources */ = {isa = PBXBuildFile; fileRef = 1BEC5FCB2603F4C200664EA6 /* WeatherManager.swift */; };
		1BEC5FD12603F4E200664EA6 /* WeatherData.swift in Sources */ = {isa = PBXBuildFile; fileRef = 1BEC5FD02603F4E200664EA6 /* WeatherData.swift */; };
		1BEC5FD62603F50400664EA6 /* WeatherModel.swift in Sources */ = {isa = PBXBuildFile; fileRef = 1BEC5FD52603F50400664EA6 /* WeatherModel.swift */; };
		76D2697AADDCA2C271C8924A /* Pods_YamahaRidersClubTests.framework in Frameworks */ = {isa = PBXBuildFile; fileRef = 25ECA0D90A781BF2673F8290 /* Pods_YamahaRidersClubTests.framework */; };
		7D8AB942B6D60DBDC1B41278 /* Pods_YamahaRidersClub.framework in Frameworks */ = {isa = PBXBuildFile; fileRef = CE346B96E2ACE6BCF26C2A27 /* Pods_YamahaRidersClub.framework */; };
		926B61BD3C4B562B0D05729B /* Pods_YamahaRidersClub_YamahaRidersClubUITests.framework in Frameworks */ = {isa = PBXBuildFile; fileRef = 908FCF697FD76C0350753CB8 /* Pods_YamahaRidersClub_YamahaRidersClubUITests.framework */; };
/* End PBXBuildFile section */

/* Begin PBXContainerItemProxy section */
		1BAA6C1E25FA0F3F0050EDE0 /* PBXContainerItemProxy */ = {
			isa = PBXContainerItemProxy;
			containerPortal = 1BAA6BFC25FA0F3C0050EDE0 /* Project object */;
			proxyType = 1;
			remoteGlobalIDString = 1BAA6C0325FA0F3C0050EDE0;
			remoteInfo = YamahaRidersClub;
		};
		1BAA6C2925FA0F3F0050EDE0 /* PBXContainerItemProxy */ = {
			isa = PBXContainerItemProxy;
			containerPortal = 1BAA6BFC25FA0F3C0050EDE0 /* Project object */;
			proxyType = 1;
			remoteGlobalIDString = 1BAA6C0325FA0F3C0050EDE0;
			remoteInfo = YamahaRidersClub;
		};
/* End PBXContainerItemProxy section */

/* Begin PBXFileReference section */
		1B0BFDBE260540D500939FBA /* Constants.swift */ = {isa = PBXFileReference; lastKnownFileType = sourcecode.swift; path = Constants.swift; sourceTree = "<group>"; };
		1B0BFDC326054A9E00939FBA /* UserInfo.swift */ = {isa = PBXFileReference; lastKnownFileType = sourcecode.swift; path = UserInfo.swift; sourceTree = "<group>"; };
		1B0BFDC8260658CF00939FBA /* QRScannerViewController.swift */ = {isa = PBXFileReference; lastKnownFileType = sourcecode.swift; path = QRScannerViewController.swift; sourceTree = "<group>"; };
		1B0BFDD1260714E800939FBA /* ArticleViewController.swift */ = {isa = PBXFileReference; lastKnownFileType = sourcecode.swift; path = ArticleViewController.swift; sourceTree = "<group>"; };
		1B0BFDD62607151200939FBA /* ArticleTableViewCell.swift */ = {isa = PBXFileReference; lastKnownFileType = sourcecode.swift; path = ArticleTableViewCell.swift; sourceTree = "<group>"; };
		1B0BFDDB260726EA00939FBA /* EventModel.swift */ = {isa = PBXFileReference; lastKnownFileType = sourcecode.swift; path = EventModel.swift; sourceTree = "<group>"; };
		1B1C173925FA9B67008FF687 /* LoginModel.swift */ = {isa = PBXFileReference; lastKnownFileType = sourcecode.swift; path = LoginModel.swift; sourceTree = "<group>"; };
		1B1C174025FF26EC008FF687 /* HomeViewController.swift */ = {isa = PBXFileReference; lastKnownFileType = sourcecode.swift; path = HomeViewController.swift; sourceTree = "<group>"; };
		1B1C174525FF281A008FF687 /* MenuViewController.swift */ = {isa = PBXFileReference; lastKnownFileType = sourcecode.swift; path = MenuViewController.swift; sourceTree = "<group>"; };
		1B1C174A25FF3B06008FF687 /* MenuTitleTableViewCell.swift */ = {isa = PBXFileReference; lastKnownFileType = sourcecode.swift; path = MenuTitleTableViewCell.swift; sourceTree = "<group>"; };
		1B1C174F25FF3B4E008FF687 /* MenuItemTableViewCell.swift */ = {isa = PBXFileReference; lastKnownFileType = sourcecode.swift; path = MenuItemTableViewCell.swift; sourceTree = "<group>"; };
		1B1C175525FF3E31008FF687 /* MenuListItem.swift */ = {isa = PBXFileReference; lastKnownFileType = sourcecode.swift; path = MenuListItem.swift; sourceTree = "<group>"; };
		1B1C175A25FF6838008FF687 /* DidSelectMenuItemOption.swift */ = {isa = PBXFileReference; lastKnownFileType = sourcecode.swift; path = DidSelectMenuItemOption.swift; sourceTree = "<group>"; };
		1B1C176025FF7D61008FF687 /* SlideInTransition.swift */ = {isa = PBXFileReference; lastKnownFileType = sourcecode.swift; path = SlideInTransition.swift; sourceTree = "<group>"; };
		1BAA6C0425FA0F3C0050EDE0 /* YamahaRidersClub.app */ = {isa = PBXFileReference; explicitFileType = wrapper.application; includeInIndex = 0; path = YamahaRidersClub.app; sourceTree = BUILT_PRODUCTS_DIR; };
		1BAA6C0725FA0F3C0050EDE0 /* AppDelegate.swift */ = {isa = PBXFileReference; lastKnownFileType = sourcecode.swift; path = AppDelegate.swift; sourceTree = "<group>"; };
		1BAA6C0925FA0F3C0050EDE0 /* SceneDelegate.swift */ = {isa = PBXFileReference; lastKnownFileType = sourcecode.swift; path = SceneDelegate.swift; sourceTree = "<group>"; };
		1BAA6C0B25FA0F3C0050EDE0 /* ViewController.swift */ = {isa = PBXFileReference; lastKnownFileType = sourcecode.swift; path = ViewController.swift; sourceTree = "<group>"; };
		1BAA6C0E25FA0F3C0050EDE0 /* Base */ = {isa = PBXFileReference; lastKnownFileType = file.storyboard; name = Base; path = Base.lproj/Main.storyboard; sourceTree = "<group>"; };
		1BAA6C1125FA0F3C0050EDE0 /* YamahaRidersClub.xcdatamodel */ = {isa = PBXFileReference; lastKnownFileType = wrapper.xcdatamodel; path = YamahaRidersClub.xcdatamodel; sourceTree = "<group>"; };
		1BAA6C1325FA0F3F0050EDE0 /* Assets.xcassets */ = {isa = PBXFileReference; lastKnownFileType = folder.assetcatalog; path = Assets.xcassets; sourceTree = "<group>"; };
		1BAA6C1625FA0F3F0050EDE0 /* Base */ = {isa = PBXFileReference; lastKnownFileType = file.storyboard; name = Base; path = Base.lproj/LaunchScreen.storyboard; sourceTree = "<group>"; };
		1BAA6C1825FA0F3F0050EDE0 /* Info.plist */ = {isa = PBXFileReference; lastKnownFileType = text.plist.xml; path = Info.plist; sourceTree = "<group>"; };
		1BAA6C1D25FA0F3F0050EDE0 /* YamahaRidersClubTests.xctest */ = {isa = PBXFileReference; explicitFileType = wrapper.cfbundle; includeInIndex = 0; path = YamahaRidersClubTests.xctest; sourceTree = BUILT_PRODUCTS_DIR; };
		1BAA6C2125FA0F3F0050EDE0 /* YamahaRidersClubTests.swift */ = {isa = PBXFileReference; lastKnownFileType = sourcecode.swift; path = YamahaRidersClubTests.swift; sourceTree = "<group>"; };
		1BAA6C2325FA0F3F0050EDE0 /* Info.plist */ = {isa = PBXFileReference; lastKnownFileType = text.plist.xml; path = Info.plist; sourceTree = "<group>"; };
		1BAA6C2825FA0F3F0050EDE0 /* YamahaRidersClubUITests.xctest */ = {isa = PBXFileReference; explicitFileType = wrapper.cfbundle; includeInIndex = 0; path = YamahaRidersClubUITests.xctest; sourceTree = BUILT_PRODUCTS_DIR; };
		1BAA6C2C25FA0F3F0050EDE0 /* YamahaRidersClubUITests.swift */ = {isa = PBXFileReference; lastKnownFileType = sourcecode.swift; path = YamahaRidersClubUITests.swift; sourceTree = "<group>"; };
		1BAA6C2E25FA0F3F0050EDE0 /* Info.plist */ = {isa = PBXFileReference; lastKnownFileType = text.plist.xml; path = Info.plist; sourceTree = "<group>"; };
		1BAA6C3E25FA93D50050EDE0 /* LoginService.swift */ = {isa = PBXFileReference; lastKnownFileType = sourcecode.swift; path = LoginService.swift; sourceTree = "<group>"; };
		1BEC5F6D2602928300664EA6 /* LoginData.swift */ = {isa = PBXFileReference; lastKnownFileType = sourcecode.swift; path = LoginData.swift; sourceTree = "<group>"; };
		1BEC5F72260292D200664EA6 /* LoginManager.swift */ = {isa = PBXFileReference; lastKnownFileType = sourcecode.swift; path = LoginManager.swift; sourceTree = "<group>"; };
		1BEC5F782602B29500664EA6 /* MobileVerificationViewController.swift */ = {isa = PBXFileReference; lastKnownFileType = sourcecode.swift; path = MobileVerificationViewController.swift; sourceTree = "<group>"; };
		1BEC5F7D2602BB6400664EA6 /* ArticleModel.swift */ = {isa = PBXFileReference; lastKnownFileType = sourcecode.swift; path = ArticleModel.swift; sourceTree = "<group>"; };
		1BEC5F8A2602BCED00664EA6 /* ArticleManager.swift */ = {isa = PBXFileReference; lastKnownFileType = sourcecode.swift; path = ArticleManager.swift; sourceTree = "<group>"; };
		1BEC5F8F2602D5E200664EA6 /* ArticleData.swift */ = {isa = PBXFileReference; lastKnownFileType = sourcecode.swift; path = ArticleData.swift; sourceTree = "<group>"; };
		1BEC5FBE2603C5A900664EA6 /* ProfileViewController.swift */ = {isa = PBXFileReference; lastKnownFileType = sourcecode.swift; path = ProfileViewController.swift; sourceTree = "<group>"; };
		1BEC5FC62603F44800664EA6 /* WeatherViewController.swift */ = {isa = PBXFileReference; lastKnownFileType = sourcecode.swift; path = WeatherViewController.swift; sourceTree = "<group>"; };
		1BEC5FCB2603F4C200664EA6 /* WeatherManager.swift */ = {isa = PBXFileReference; lastKnownFileType = sourcecode.swift; path = WeatherManager.swift; sourceTree = "<group>"; };
		1BEC5FD02603F4E200664EA6 /* WeatherData.swift */ = {isa = PBXFileReference; lastKnownFileType = sourcecode.swift; path = WeatherData.swift; sourceTree = "<group>"; };
		1BEC5FD52603F50400664EA6 /* WeatherModel.swift */ = {isa = PBXFileReference; lastKnownFileType = sourcecode.swift; path = WeatherModel.swift; sourceTree = "<group>"; };
		25ECA0D90A781BF2673F8290 /* Pods_YamahaRidersClubTests.framework */ = {isa = PBXFileReference; explicitFileType = wrapper.framework; includeInIndex = 0; path = Pods_YamahaRidersClubTests.framework; sourceTree = BUILT_PRODUCTS_DIR; };
		30465FA0EB2CCE6855A7D028 /* Pods-YamahaRidersClub-YamahaRidersClubUITests.debug.xcconfig */ = {isa = PBXFileReference; includeInIndex = 1; lastKnownFileType = text.xcconfig; name = "Pods-YamahaRidersClub-YamahaRidersClubUITests.debug.xcconfig"; path = "Target Support Files/Pods-YamahaRidersClub-YamahaRidersClubUITests/Pods-YamahaRidersClub-YamahaRidersClubUITests.debug.xcconfig"; sourceTree = "<group>"; };
		5687E5E4DD99F9B971E5174D /* Pods-YamahaRidersClub.release.xcconfig */ = {isa = PBXFileReference; includeInIndex = 1; lastKnownFileType = text.xcconfig; name = "Pods-YamahaRidersClub.release.xcconfig"; path = "Target Support Files/Pods-YamahaRidersClub/Pods-YamahaRidersClub.release.xcconfig"; sourceTree = "<group>"; };
		79D5F9F1CA47421540422D23 /* Pods-YamahaRidersClubTests.debug.xcconfig */ = {isa = PBXFileReference; includeInIndex = 1; lastKnownFileType = text.xcconfig; name = "Pods-YamahaRidersClubTests.debug.xcconfig"; path = "Target Support Files/Pods-YamahaRidersClubTests/Pods-YamahaRidersClubTests.debug.xcconfig"; sourceTree = "<group>"; };
		908FCF697FD76C0350753CB8 /* Pods_YamahaRidersClub_YamahaRidersClubUITests.framework */ = {isa = PBXFileReference; explicitFileType = wrapper.framework; includeInIndex = 0; path = Pods_YamahaRidersClub_YamahaRidersClubUITests.framework; sourceTree = BUILT_PRODUCTS_DIR; };
		A579F14FCCC93863C0C1F4BE /* Pods-YamahaRidersClubTests.release.xcconfig */ = {isa = PBXFileReference; includeInIndex = 1; lastKnownFileType = text.xcconfig; name = "Pods-YamahaRidersClubTests.release.xcconfig"; path = "Target Support Files/Pods-YamahaRidersClubTests/Pods-YamahaRidersClubTests.release.xcconfig"; sourceTree = "<group>"; };
		CE346B96E2ACE6BCF26C2A27 /* Pods_YamahaRidersClub.framework */ = {isa = PBXFileReference; explicitFileType = wrapper.framework; includeInIndex = 0; path = Pods_YamahaRidersClub.framework; sourceTree = BUILT_PRODUCTS_DIR; };
		FA999A3A801BBA756350A742 /* Pods-YamahaRidersClub-YamahaRidersClubUITests.release.xcconfig */ = {isa = PBXFileReference; includeInIndex = 1; lastKnownFileType = text.xcconfig; name = "Pods-YamahaRidersClub-YamahaRidersClubUITests.release.xcconfig"; path = "Target Support Files/Pods-YamahaRidersClub-YamahaRidersClubUITests/Pods-YamahaRidersClub-YamahaRidersClubUITests.release.xcconfig"; sourceTree = "<group>"; };
		FDB19E0B344F5A362D2216E7 /* Pods-YamahaRidersClub.debug.xcconfig */ = {isa = PBXFileReference; includeInIndex = 1; lastKnownFileType = text.xcconfig; name = "Pods-YamahaRidersClub.debug.xcconfig"; path = "Target Support Files/Pods-YamahaRidersClub/Pods-YamahaRidersClub.debug.xcconfig"; sourceTree = "<group>"; };
/* End PBXFileReference section */

/* Begin PBXFrameworksBuildPhase section */
		1BAA6C0125FA0F3C0050EDE0 /* Frameworks */ = {
			isa = PBXFrameworksBuildPhase;
			buildActionMask = 2147483647;
			files = (
				7D8AB942B6D60DBDC1B41278 /* Pods_YamahaRidersClub.framework in Frameworks */,
			);
			runOnlyForDeploymentPostprocessing = 0;
		};
		1BAA6C1A25FA0F3F0050EDE0 /* Frameworks */ = {
			isa = PBXFrameworksBuildPhase;
			buildActionMask = 2147483647;
			files = (
				76D2697AADDCA2C271C8924A /* Pods_YamahaRidersClubTests.framework in Frameworks */,
			);
			runOnlyForDeploymentPostprocessing = 0;
		};
		1BAA6C2525FA0F3F0050EDE0 /* Frameworks */ = {
			isa = PBXFrameworksBuildPhase;
			buildActionMask = 2147483647;
			files = (
				926B61BD3C4B562B0D05729B /* Pods_YamahaRidersClub_YamahaRidersClubUITests.framework in Frameworks */,
			);
			runOnlyForDeploymentPostprocessing = 0;
		};
/* End PBXFrameworksBuildPhase section */

/* Begin PBXGroup section */
		1B0BFDBD260540BE00939FBA /* Constants */ = {
			isa = PBXGroup;
			children = (
				1B0BFDBE260540D500939FBA /* Constants.swift */,
			);
			path = Constants;
			sourceTree = "<group>";
		};
		1B1C175425FF3DC7008FF687 /* Menu */ = {
			isa = PBXGroup;
			children = (
				1B1C175525FF3E31008FF687 /* MenuListItem.swift */,
			);
			path = Menu;
			sourceTree = "<group>";
		};
		1B1C175F25FF7D15008FF687 /* Features */ = {
			isa = PBXGroup;
			children = (
				1B1C176025FF7D61008FF687 /* SlideInTransition.swift */,
			);
			path = Features;
			sourceTree = "<group>";
		};
		1B1D76D6260402340024B504 /* Views */ = {
			isa = PBXGroup;
			children = (
			);
			path = Views;
			sourceTree = "<group>";
		};
		1BAA6BFB25FA0F3C0050EDE0 = {
			isa = PBXGroup;
			children = (
				1BAA6C0625FA0F3C0050EDE0 /* YamahaRidersClub */,
				1BAA6C2025FA0F3F0050EDE0 /* YamahaRidersClubTests */,
				1BAA6C2B25FA0F3F0050EDE0 /* YamahaRidersClubUITests */,
				1BAA6C0525FA0F3C0050EDE0 /* Products */,
				A045A324C34D44B51DD050EC /* Pods */,
				6670804D7F99B8CDC7D0D19B /* Frameworks */,
			);
			sourceTree = "<group>";
		};
		1BAA6C0525FA0F3C0050EDE0 /* Products */ = {
			isa = PBXGroup;
			children = (
				1BAA6C0425FA0F3C0050EDE0 /* YamahaRidersClub.app */,
				1BAA6C1D25FA0F3F0050EDE0 /* YamahaRidersClubTests.xctest */,
				1BAA6C2825FA0F3F0050EDE0 /* YamahaRidersClubUITests.xctest */,
			);
			name = Products;
			sourceTree = "<group>";
		};
		1BAA6C0625FA0F3C0050EDE0 /* YamahaRidersClub */ = {
			isa = PBXGroup;
			children = (
				1B0BFDBD260540BE00939FBA /* Constants */,
				1B1D76D6260402340024B504 /* Views */,
				1BEC5F772602B26100664EA6 /* Controllers */,
				1B1C175F25FF7D15008FF687 /* Features */,
				1B1C175425FF3DC7008FF687 /* Menu */,
				1BAA6C4325FA94410050EDE0 /* Models */,
				1BAA6C3D25FA93A00050EDE0 /* Services */,
				1BAA6C0725FA0F3C0050EDE0 /* AppDelegate.swift */,
				1BAA6C0925FA0F3C0050EDE0 /* SceneDelegate.swift */,
				1BAA6C0B25FA0F3C0050EDE0 /* ViewController.swift */,
				1BAA6C0D25FA0F3C0050EDE0 /* Main.storyboard */,
				1BAA6C1325FA0F3F0050EDE0 /* Assets.xcassets */,
				1BAA6C1525FA0F3F0050EDE0 /* LaunchScreen.storyboard */,
				1BAA6C1825FA0F3F0050EDE0 /* Info.plist */,
				1BAA6C1025FA0F3C0050EDE0 /* YamahaRidersClub.xcdatamodeld */,
				1B1C174025FF26EC008FF687 /* HomeViewController.swift */,
				1B1C174525FF281A008FF687 /* MenuViewController.swift */,
				1B1C174A25FF3B06008FF687 /* MenuTitleTableViewCell.swift */,
				1B1C174F25FF3B4E008FF687 /* MenuItemTableViewCell.swift */,
				1B1C175A25FF6838008FF687 /* DidSelectMenuItemOption.swift */,
			);
			path = YamahaRidersClub;
			sourceTree = "<group>";
		};
		1BAA6C2025FA0F3F0050EDE0 /* YamahaRidersClubTests */ = {
			isa = PBXGroup;
			children = (
				1BAA6C2125FA0F3F0050EDE0 /* YamahaRidersClubTests.swift */,
				1BAA6C2325FA0F3F0050EDE0 /* Info.plist */,
			);
			path = YamahaRidersClubTests;
			sourceTree = "<group>";
		};
		1BAA6C2B25FA0F3F0050EDE0 /* YamahaRidersClubUITests */ = {
			isa = PBXGroup;
			children = (
				1BAA6C2C25FA0F3F0050EDE0 /* YamahaRidersClubUITests.swift */,
				1BAA6C2E25FA0F3F0050EDE0 /* Info.plist */,
			);
			path = YamahaRidersClubUITests;
			sourceTree = "<group>";
		};
		1BAA6C3D25FA93A00050EDE0 /* Services */ = {
			isa = PBXGroup;
			children = (
				1BAA6C3E25FA93D50050EDE0 /* LoginService.swift */,
			);
			path = Services;
			sourceTree = "<group>";
		};
		1BAA6C4325FA94410050EDE0 /* Models */ = {
			isa = PBXGroup;
			children = (
				1B1C173925FA9B67008FF687 /* LoginModel.swift */,
				1BEC5F6D2602928300664EA6 /* LoginData.swift */,
				1BEC5F72260292D200664EA6 /* LoginManager.swift */,
				1BEC5F7D2602BB6400664EA6 /* ArticleModel.swift */,
				1BEC5F8A2602BCED00664EA6 /* ArticleManager.swift */,
				1BEC5F8F2602D5E200664EA6 /* ArticleData.swift */,
				1BEC5FCB2603F4C200664EA6 /* WeatherManager.swift */,
				1BEC5FD02603F4E200664EA6 /* WeatherData.swift */,
				1BEC5FD52603F50400664EA6 /* WeatherModel.swift */,
				1B0BFDC326054A9E00939FBA /* UserInfo.swift */,
				1B0BFDD62607151200939FBA /* ArticleTableViewCell.swift */,
				1B0BFDDB260726EA00939FBA /* EventModel.swift */,
			);
			path = Models;
			sourceTree = "<group>";
		};
		1BEC5F772602B26100664EA6 /* Controllers */ = {
			isa = PBXGroup;
			children = (
				1BEC5F782602B29500664EA6 /* MobileVerificationViewController.swift */,
				1BEC5FBE2603C5A900664EA6 /* ProfileViewController.swift */,
				1BEC5FC62603F44800664EA6 /* WeatherViewController.swift */,
				1B0BFDC8260658CF00939FBA /* QRScannerViewController.swift */,
				1B0BFDD1260714E800939FBA /* ArticleViewController.swift */,
			);
			path = Controllers;
			sourceTree = "<group>";
		};
		6670804D7F99B8CDC7D0D19B /* Frameworks */ = {
			isa = PBXGroup;
			children = (
				CE346B96E2ACE6BCF26C2A27 /* Pods_YamahaRidersClub.framework */,
				908FCF697FD76C0350753CB8 /* Pods_YamahaRidersClub_YamahaRidersClubUITests.framework */,
				25ECA0D90A781BF2673F8290 /* Pods_YamahaRidersClubTests.framework */,
			);
			name = Frameworks;
			sourceTree = "<group>";
		};
		A045A324C34D44B51DD050EC /* Pods */ = {
			isa = PBXGroup;
			children = (
				FDB19E0B344F5A362D2216E7 /* Pods-YamahaRidersClub.debug.xcconfig */,
				5687E5E4DD99F9B971E5174D /* Pods-YamahaRidersClub.release.xcconfig */,
				30465FA0EB2CCE6855A7D028 /* Pods-YamahaRidersClub-YamahaRidersClubUITests.debug.xcconfig */,
				FA999A3A801BBA756350A742 /* Pods-YamahaRidersClub-YamahaRidersClubUITests.release.xcconfig */,
				79D5F9F1CA47421540422D23 /* Pods-YamahaRidersClubTests.debug.xcconfig */,
				A579F14FCCC93863C0C1F4BE /* Pods-YamahaRidersClubTests.release.xcconfig */,
			);
			path = Pods;
			sourceTree = "<group>";
		};
/* End PBXGroup section */

/* Begin PBXNativeTarget section */
		1BAA6C0325FA0F3C0050EDE0 /* YamahaRidersClub */ = {
			isa = PBXNativeTarget;
			buildConfigurationList = 1BAA6C3125FA0F3F0050EDE0 /* Build configuration list for PBXNativeTarget "YamahaRidersClub" */;
			buildPhases = (
				8852D1381C24877517896D82 /* [CP] Check Pods Manifest.lock */,
				1BAA6C0025FA0F3C0050EDE0 /* Sources */,
				1BAA6C0125FA0F3C0050EDE0 /* Frameworks */,
				1BAA6C0225FA0F3C0050EDE0 /* Resources */,
				2C5C0A06F547146864CCEC14 /* [CP] Embed Pods Frameworks */,
			);
			buildRules = (
			);
			dependencies = (
			);
			name = YamahaRidersClub;
			productName = YamahaRidersClub;
			productReference = 1BAA6C0425FA0F3C0050EDE0 /* YamahaRidersClub.app */;
			productType = "com.apple.product-type.application";
		};
		1BAA6C1C25FA0F3F0050EDE0 /* YamahaRidersClubTests */ = {
			isa = PBXNativeTarget;
			buildConfigurationList = 1BAA6C3425FA0F3F0050EDE0 /* Build configuration list for PBXNativeTarget "YamahaRidersClubTests" */;
			buildPhases = (
				FAB7045DB51665B78BCD5CEC /* [CP] Check Pods Manifest.lock */,
				1BAA6C1925FA0F3F0050EDE0 /* Sources */,
				1BAA6C1A25FA0F3F0050EDE0 /* Frameworks */,
				1BAA6C1B25FA0F3F0050EDE0 /* Resources */,
			);
			buildRules = (
			);
			dependencies = (
				1BAA6C1F25FA0F3F0050EDE0 /* PBXTargetDependency */,
			);
			name = YamahaRidersClubTests;
			productName = YamahaRidersClubTests;
			productReference = 1BAA6C1D25FA0F3F0050EDE0 /* YamahaRidersClubTests.xctest */;
			productType = "com.apple.product-type.bundle.unit-test";
		};
		1BAA6C2725FA0F3F0050EDE0 /* YamahaRidersClubUITests */ = {
			isa = PBXNativeTarget;
			buildConfigurationList = 1BAA6C3725FA0F3F0050EDE0 /* Build configuration list for PBXNativeTarget "YamahaRidersClubUITests" */;
			buildPhases = (
				5D459FFA2B72B7A6F56FEE29 /* [CP] Check Pods Manifest.lock */,
				1BAA6C2425FA0F3F0050EDE0 /* Sources */,
				1BAA6C2525FA0F3F0050EDE0 /* Frameworks */,
				1BAA6C2625FA0F3F0050EDE0 /* Resources */,
				9D63C4A79477ECB65984F1DB /* [CP] Embed Pods Frameworks */,
			);
			buildRules = (
			);
			dependencies = (
				1BAA6C2A25FA0F3F0050EDE0 /* PBXTargetDependency */,
			);
			name = YamahaRidersClubUITests;
			productName = YamahaRidersClubUITests;
			productReference = 1BAA6C2825FA0F3F0050EDE0 /* YamahaRidersClubUITests.xctest */;
			productType = "com.apple.product-type.bundle.ui-testing";
		};
/* End PBXNativeTarget section */

/* Begin PBXProject section */
		1BAA6BFC25FA0F3C0050EDE0 /* Project object */ = {
			isa = PBXProject;
			attributes = {
				LastSwiftUpdateCheck = 1200;
				LastUpgradeCheck = 1200;
				TargetAttributes = {
					1BAA6C0325FA0F3C0050EDE0 = {
						CreatedOnToolsVersion = 12.0;
					};
					1BAA6C1C25FA0F3F0050EDE0 = {
						CreatedOnToolsVersion = 12.0;
						TestTargetID = 1BAA6C0325FA0F3C0050EDE0;
					};
					1BAA6C2725FA0F3F0050EDE0 = {
						CreatedOnToolsVersion = 12.0;
						TestTargetID = 1BAA6C0325FA0F3C0050EDE0;
					};
				};
			};
			buildConfigurationList = 1BAA6BFF25FA0F3C0050EDE0 /* Build configuration list for PBXProject "YamahaRidersClub" */;
			compatibilityVersion = "Xcode 9.3";
			developmentRegion = en;
			hasScannedForEncodings = 0;
			knownRegions = (
				en,
				Base,
			);
			mainGroup = 1BAA6BFB25FA0F3C0050EDE0;
			productRefGroup = 1BAA6C0525FA0F3C0050EDE0 /* Products */;
			projectDirPath = "";
			projectRoot = "";
			targets = (
				1BAA6C0325FA0F3C0050EDE0 /* YamahaRidersClub */,
				1BAA6C1C25FA0F3F0050EDE0 /* YamahaRidersClubTests */,
				1BAA6C2725FA0F3F0050EDE0 /* YamahaRidersClubUITests */,
			);
		};
/* End PBXProject section */

/* Begin PBXResourcesBuildPhase section */
		1BAA6C0225FA0F3C0050EDE0 /* Resources */ = {
			isa = PBXResourcesBuildPhase;
			buildActionMask = 2147483647;
			files = (
				1BAA6C1725FA0F3F0050EDE0 /* LaunchScreen.storyboard in Resources */,
				1BAA6C1425FA0F3F0050EDE0 /* Assets.xcassets in Resources */,
				1BAA6C0F25FA0F3C0050EDE0 /* Main.storyboard in Resources */,
			);
			runOnlyForDeploymentPostprocessing = 0;
		};
		1BAA6C1B25FA0F3F0050EDE0 /* Resources */ = {
			isa = PBXResourcesBuildPhase;
			buildActionMask = 2147483647;
			files = (
			);
			runOnlyForDeploymentPostprocessing = 0;
		};
		1BAA6C2625FA0F3F0050EDE0 /* Resources */ = {
			isa = PBXResourcesBuildPhase;
			buildActionMask = 2147483647;
			files = (
			);
			runOnlyForDeploymentPostprocessing = 0;
		};
/* End PBXResourcesBuildPhase section */

/* Begin PBXShellScriptBuildPhase section */
		2C5C0A06F547146864CCEC14 /* [CP] Embed Pods Frameworks */ = {
			isa = PBXShellScriptBuildPhase;
			buildActionMask = 2147483647;
			files = (
			);
			inputFileListPaths = (
				"${PODS_ROOT}/Target Support Files/Pods-YamahaRidersClub/Pods-YamahaRidersClub-frameworks-${CONFIGURATION}-input-files.xcfilelist",
			);
			name = "[CP] Embed Pods Frameworks";
			outputFileListPaths = (
				"${PODS_ROOT}/Target Support Files/Pods-YamahaRidersClub/Pods-YamahaRidersClub-frameworks-${CONFIGURATION}-output-files.xcfilelist",
			);
			runOnlyForDeploymentPostprocessing = 0;
			shellPath = /bin/sh;
			shellScript = "\"${PODS_ROOT}/Target Support Files/Pods-YamahaRidersClub/Pods-YamahaRidersClub-frameworks.sh\"\n";
			showEnvVarsInLog = 0;
		};
		5D459FFA2B72B7A6F56FEE29 /* [CP] Check Pods Manifest.lock */ = {
			isa = PBXShellScriptBuildPhase;
			buildActionMask = 2147483647;
			files = (
			);
			inputFileListPaths = (
			);
			inputPaths = (
				"${PODS_PODFILE_DIR_PATH}/Podfile.lock",
				"${PODS_ROOT}/Manifest.lock",
			);
			name = "[CP] Check Pods Manifest.lock";
			outputFileListPaths = (
			);
			outputPaths = (
				"$(DERIVED_FILE_DIR)/Pods-YamahaRidersClub-YamahaRidersClubUITests-checkManifestLockResult.txt",
			);
			runOnlyForDeploymentPostprocessing = 0;
			shellPath = /bin/sh;
			shellScript = "diff \"${PODS_PODFILE_DIR_PATH}/Podfile.lock\" \"${PODS_ROOT}/Manifest.lock\" > /dev/null\nif [ $? != 0 ] ; then\n    # print error to STDERR\n    echo \"error: The sandbox is not in sync with the Podfile.lock. Run 'pod install' or update your CocoaPods installation.\" >&2\n    exit 1\nfi\n# This output is used by Xcode 'outputs' to avoid re-running this script phase.\necho \"SUCCESS\" > \"${SCRIPT_OUTPUT_FILE_0}\"\n";
			showEnvVarsInLog = 0;
		};
		8852D1381C24877517896D82 /* [CP] Check Pods Manifest.lock */ = {
			isa = PBXShellScriptBuildPhase;
			buildActionMask = 2147483647;
			files = (
			);
			inputFileListPaths = (
			);
			inputPaths = (
				"${PODS_PODFILE_DIR_PATH}/Podfile.lock",
				"${PODS_ROOT}/Manifest.lock",
			);
			name = "[CP] Check Pods Manifest.lock";
			outputFileListPaths = (
			);
			outputPaths = (
				"$(DERIVED_FILE_DIR)/Pods-YamahaRidersClub-checkManifestLockResult.txt",
			);
			runOnlyForDeploymentPostprocessing = 0;
			shellPath = /bin/sh;
			shellScript = "diff \"${PODS_PODFILE_DIR_PATH}/Podfile.lock\" \"${PODS_ROOT}/Manifest.lock\" > /dev/null\nif [ $? != 0 ] ; then\n    # print error to STDERR\n    echo \"error: The sandbox is not in sync with the Podfile.lock. Run 'pod install' or update your CocoaPods installation.\" >&2\n    exit 1\nfi\n# This output is used by Xcode 'outputs' to avoid re-running this script phase.\necho \"SUCCESS\" > \"${SCRIPT_OUTPUT_FILE_0}\"\n";
			showEnvVarsInLog = 0;
		};
		9D63C4A79477ECB65984F1DB /* [CP] Embed Pods Frameworks */ = {
			isa = PBXShellScriptBuildPhase;
			buildActionMask = 2147483647;
			files = (
			);
			inputFileListPaths = (
				"${PODS_ROOT}/Target Support Files/Pods-YamahaRidersClub-YamahaRidersClubUITests/Pods-YamahaRidersClub-YamahaRidersClubUITests-frameworks-${CONFIGURATION}-input-files.xcfilelist",
			);
			name = "[CP] Embed Pods Frameworks";
			outputFileListPaths = (
				"${PODS_ROOT}/Target Support Files/Pods-YamahaRidersClub-YamahaRidersClubUITests/Pods-YamahaRidersClub-YamahaRidersClubUITests-frameworks-${CONFIGURATION}-output-files.xcfilelist",
			);
			runOnlyForDeploymentPostprocessing = 0;
			shellPath = /bin/sh;
			shellScript = "\"${PODS_ROOT}/Target Support Files/Pods-YamahaRidersClub-YamahaRidersClubUITests/Pods-YamahaRidersClub-YamahaRidersClubUITests-frameworks.sh\"\n";
			showEnvVarsInLog = 0;
		};
		FAB7045DB51665B78BCD5CEC /* [CP] Check Pods Manifest.lock */ = {
			isa = PBXShellScriptBuildPhase;
			buildActionMask = 2147483647;
			files = (
			);
			inputFileListPaths = (
			);
			inputPaths = (
				"${PODS_PODFILE_DIR_PATH}/Podfile.lock",
				"${PODS_ROOT}/Manifest.lock",
			);
			name = "[CP] Check Pods Manifest.lock";
			outputFileListPaths = (
			);
			outputPaths = (
				"$(DERIVED_FILE_DIR)/Pods-YamahaRidersClubTests-checkManifestLockResult.txt",
			);
			runOnlyForDeploymentPostprocessing = 0;
			shellPath = /bin/sh;
			shellScript = "diff \"${PODS_PODFILE_DIR_PATH}/Podfile.lock\" \"${PODS_ROOT}/Manifest.lock\" > /dev/null\nif [ $? != 0 ] ; then\n    # print error to STDERR\n    echo \"error: The sandbox is not in sync with the Podfile.lock. Run 'pod install' or update your CocoaPods installation.\" >&2\n    exit 1\nfi\n# This output is used by Xcode 'outputs' to avoid re-running this script phase.\necho \"SUCCESS\" > \"${SCRIPT_OUTPUT_FILE_0}\"\n";
			showEnvVarsInLog = 0;
		};
/* End PBXShellScriptBuildPhase section */

/* Begin PBXSourcesBuildPhase section */
		1BAA6C0025FA0F3C0050EDE0 /* Sources */ = {
			isa = PBXSourcesBuildPhase;
			buildActionMask = 2147483647;
			files = (
				1B0BFDBF260540D600939FBA /* Constants.swift in Sources */,
				1B1C175625FF3E31008FF687 /* MenuListItem.swift in Sources */,
				1BAA6C0C25FA0F3C0050EDE0 /* ViewController.swift in Sources */,
				1BEC5FBF2603C5AA00664EA6 /* ProfileViewController.swift in Sources */,
				1BAA6C1225FA0F3C0050EDE0 /* YamahaRidersClub.xcdatamodeld in Sources */,
				1BEC5FC72603F44800664EA6 /* WeatherViewController.swift in Sources */,
				1BAA6C3F25FA93D50050EDE0 /* LoginService.swift in Sources */,
				1BEC5FCC2603F4C200664EA6 /* WeatherManager.swift in Sources */,
				1B0BFDC426054A9E00939FBA /* UserInfo.swift in Sources */,
				1B0BFDD2260714E900939FBA /* ArticleViewController.swift in Sources */,
				1BAA6C0825FA0F3C0050EDE0 /* AppDelegate.swift in Sources */,
				1BEC5F73260292D200664EA6 /* LoginManager.swift in Sources */,
				1BAA6C0A25FA0F3C0050EDE0 /* SceneDelegate.swift in Sources */,
				1B1C175B25FF6838008FF687 /* DidSelectMenuItemOption.swift in Sources */,
				1B1C174B25FF3B07008FF687 /* MenuTitleTableViewCell.swift in Sources */,
				1BEC5FD12603F4E200664EA6 /* WeatherData.swift in Sources */,
				1B1C174125FF26EC008FF687 /* HomeViewController.swift in Sources */,
				1B0BFDD72607151200939FBA /* ArticleTableViewCell.swift in Sources */,
				1BEC5F902602D5E300664EA6 /* ArticleData.swift in Sources */,
				1BEC5F8B2602BCED00664EA6 /* ArticleManager.swift in Sources */,
				1BEC5F7E2602BB6400664EA6 /* ArticleModel.swift in Sources */,
				1BEC5F6E2602928300664EA6 /* LoginData.swift in Sources */,
				1BEC5F792602B29500664EA6 /* MobileVerificationViewController.swift in Sources */,
				1B1C173A25FA9B67008FF687 /* LoginModel.swift in Sources */,
				1B1C174625FF281A008FF687 /* MenuViewController.swift in Sources */,
				1B0BFDC9260658CF00939FBA /* QRScannerViewController.swift in Sources */,
				1B1C176125FF7D61008FF687 /* SlideInTransition.swift in Sources */,
				1BEC5FD62603F50400664EA6 /* WeatherModel.swift in Sources */,
				1B0BFDDC260726EA00939FBA /* EventModel.swift in Sources */,
				1B1C175025FF3B4E008FF687 /* MenuItemTableViewCell.swift in Sources */,
			);
			runOnlyForDeploymentPostprocessing = 0;
		};
		1BAA6C1925FA0F3F0050EDE0 /* Sources */ = {
			isa = PBXSourcesBuildPhase;
			buildActionMask = 2147483647;
			files = (
				1BAA6C2225FA0F3F0050EDE0 /* YamahaRidersClubTests.swift in Sources */,
			);
			runOnlyForDeploymentPostprocessing = 0;
		};
		1BAA6C2425FA0F3F0050EDE0 /* Sources */ = {
			isa = PBXSourcesBuildPhase;
			buildActionMask = 2147483647;
			files = (
				1BAA6C2D25FA0F3F0050EDE0 /* YamahaRidersClubUITests.swift in Sources */,
			);
			runOnlyForDeploymentPostprocessing = 0;
		};
/* End PBXSourcesBuildPhase section */

/* Begin PBXTargetDependency section */
		1BAA6C1F25FA0F3F0050EDE0 /* PBXTargetDependency */ = {
			isa = PBXTargetDependency;
			target = 1BAA6C0325FA0F3C0050EDE0 /* YamahaRidersClub */;
			targetProxy = 1BAA6C1E25FA0F3F0050EDE0 /* PBXContainerItemProxy */;
		};
		1BAA6C2A25FA0F3F0050EDE0 /* PBXTargetDependency */ = {
			isa = PBXTargetDependency;
			target = 1BAA6C0325FA0F3C0050EDE0 /* YamahaRidersClub */;
			targetProxy = 1BAA6C2925FA0F3F0050EDE0 /* PBXContainerItemProxy */;
		};
/* End PBXTargetDependency section */

/* Begin PBXVariantGroup section */
		1BAA6C0D25FA0F3C0050EDE0 /* Main.storyboard */ = {
			isa = PBXVariantGroup;
			children = (
				1BAA6C0E25FA0F3C0050EDE0 /* Base */,
			);
			name = Main.storyboard;
			sourceTree = "<group>";
		};
		1BAA6C1525FA0F3F0050EDE0 /* LaunchScreen.storyboard */ = {
			isa = PBXVariantGroup;
			children = (
				1BAA6C1625FA0F3F0050EDE0 /* Base */,
			);
			name = LaunchScreen.storyboard;
			sourceTree = "<group>";
		};
/* End PBXVariantGroup section */

/* Begin XCBuildConfiguration section */
		1BAA6C2F25FA0F3F0050EDE0 /* Debug */ = {
			isa = XCBuildConfiguration;
			buildSettings = {
				ALWAYS_SEARCH_USER_PATHS = NO;
				CLANG_ANALYZER_NONNULL = YES;
				CLANG_ANALYZER_NUMBER_OBJECT_CONVERSION = YES_AGGRESSIVE;
				CLANG_CXX_LANGUAGE_STANDARD = "gnu++14";
				CLANG_CXX_LIBRARY = "libc++";
				CLANG_ENABLE_MODULES = YES;
				CLANG_ENABLE_OBJC_ARC = YES;
				CLANG_ENABLE_OBJC_WEAK = YES;
				CLANG_WARN_BLOCK_CAPTURE_AUTORELEASING = YES;
				CLANG_WARN_BOOL_CONVERSION = YES;
				CLANG_WARN_COMMA = YES;
				CLANG_WARN_CONSTANT_CONVERSION = YES;
				CLANG_WARN_DEPRECATED_OBJC_IMPLEMENTATIONS = YES;
				CLANG_WARN_DIRECT_OBJC_ISA_USAGE = YES_ERROR;
				CLANG_WARN_DOCUMENTATION_COMMENTS = YES;
				CLANG_WARN_EMPTY_BODY = YES;
				CLANG_WARN_ENUM_CONVERSION = YES;
				CLANG_WARN_INFINITE_RECURSION = YES;
				CLANG_WARN_INT_CONVERSION = YES;
				CLANG_WARN_NON_LITERAL_NULL_CONVERSION = YES;
				CLANG_WARN_OBJC_IMPLICIT_RETAIN_SELF = YES;
				CLANG_WARN_OBJC_LITERAL_CONVERSION = YES;
				CLANG_WARN_OBJC_ROOT_CLASS = YES_ERROR;
				CLANG_WARN_QUOTED_INCLUDE_IN_FRAMEWORK_HEADER = YES;
				CLANG_WARN_RANGE_LOOP_ANALYSIS = YES;
				CLANG_WARN_STRICT_PROTOTYPES = YES;
				CLANG_WARN_SUSPICIOUS_MOVE = YES;
				CLANG_WARN_UNGUARDED_AVAILABILITY = YES_AGGRESSIVE;
				CLANG_WARN_UNREACHABLE_CODE = YES;
				CLANG_WARN__DUPLICATE_METHOD_MATCH = YES;
				COPY_PHASE_STRIP = NO;
				DEBUG_INFORMATION_FORMAT = dwarf;
				ENABLE_STRICT_OBJC_MSGSEND = YES;
				ENABLE_TESTABILITY = YES;
				GCC_C_LANGUAGE_STANDARD = gnu11;
				GCC_DYNAMIC_NO_PIC = NO;
				GCC_NO_COMMON_BLOCKS = YES;
				GCC_OPTIMIZATION_LEVEL = 0;
				GCC_PREPROCESSOR_DEFINITIONS = (
					"DEBUG=1",
					"$(inherited)",
				);
				GCC_WARN_64_TO_32_BIT_CONVERSION = YES;
				GCC_WARN_ABOUT_RETURN_TYPE = YES_ERROR;
				GCC_WARN_UNDECLARED_SELECTOR = YES;
				GCC_WARN_UNINITIALIZED_AUTOS = YES_AGGRESSIVE;
				GCC_WARN_UNUSED_FUNCTION = YES;
				GCC_WARN_UNUSED_VARIABLE = YES;
				IPHONEOS_DEPLOYMENT_TARGET = 14.0;
				MTL_ENABLE_DEBUG_INFO = INCLUDE_SOURCE;
				MTL_FAST_MATH = YES;
				ONLY_ACTIVE_ARCH = YES;
				SDKROOT = iphoneos;
				SWIFT_ACTIVE_COMPILATION_CONDITIONS = DEBUG;
				SWIFT_OPTIMIZATION_LEVEL = "-Onone";
			};
			name = Debug;
		};
		1BAA6C3025FA0F3F0050EDE0 /* Release */ = {
			isa = XCBuildConfiguration;
			buildSettings = {
				ALWAYS_SEARCH_USER_PATHS = NO;
				CLANG_ANALYZER_NONNULL = YES;
				CLANG_ANALYZER_NUMBER_OBJECT_CONVERSION = YES_AGGRESSIVE;
				CLANG_CXX_LANGUAGE_STANDARD = "gnu++14";
				CLANG_CXX_LIBRARY = "libc++";
				CLANG_ENABLE_MODULES = YES;
				CLANG_ENABLE_OBJC_ARC = YES;
				CLANG_ENABLE_OBJC_WEAK = YES;
				CLANG_WARN_BLOCK_CAPTURE_AUTORELEASING = YES;
				CLANG_WARN_BOOL_CONVERSION = YES;
				CLANG_WARN_COMMA = YES;
				CLANG_WARN_CONSTANT_CONVERSION = YES;
				CLANG_WARN_DEPRECATED_OBJC_IMPLEMENTATIONS = YES;
				CLANG_WARN_DIRECT_OBJC_ISA_USAGE = YES_ERROR;
				CLANG_WARN_DOCUMENTATION_COMMENTS = YES;
				CLANG_WARN_EMPTY_BODY = YES;
				CLANG_WARN_ENUM_CONVERSION = YES;
				CLANG_WARN_INFINITE_RECURSION = YES;
				CLANG_WARN_INT_CONVERSION = YES;
				CLANG_WARN_NON_LITERAL_NULL_CONVERSION = YES;
				CLANG_WARN_OBJC_IMPLICIT_RETAIN_SELF = YES;
				CLANG_WARN_OBJC_LITERAL_CONVERSION = YES;
				CLANG_WARN_OBJC_ROOT_CLASS = YES_ERROR;
				CLANG_WARN_QUOTED_INCLUDE_IN_FRAMEWORK_HEADER = YES;
				CLANG_WARN_RANGE_LOOP_ANALYSIS = YES;
				CLANG_WARN_STRICT_PROTOTYPES = YES;
				CLANG_WARN_SUSPICIOUS_MOVE = YES;
				CLANG_WARN_UNGUARDED_AVAILABILITY = YES_AGGRESSIVE;
				CLANG_WARN_UNREACHABLE_CODE = YES;
				CLANG_WARN__DUPLICATE_METHOD_MATCH = YES;
				COPY_PHASE_STRIP = NO;
				DEBUG_INFORMATION_FORMAT = "dwarf-with-dsym";
				ENABLE_NS_ASSERTIONS = NO;
				ENABLE_STRICT_OBJC_MSGSEND = YES;
				GCC_C_LANGUAGE_STANDARD = gnu11;
				GCC_NO_COMMON_BLOCKS = YES;
				GCC_WARN_64_TO_32_BIT_CONVERSION = YES;
				GCC_WARN_ABOUT_RETURN_TYPE = YES_ERROR;
				GCC_WARN_UNDECLARED_SELECTOR = YES;
				GCC_WARN_UNINITIALIZED_AUTOS = YES_AGGRESSIVE;
				GCC_WARN_UNUSED_FUNCTION = YES;
				GCC_WARN_UNUSED_VARIABLE = YES;
				IPHONEOS_DEPLOYMENT_TARGET = 14.0;
				MTL_ENABLE_DEBUG_INFO = NO;
				MTL_FAST_MATH = YES;
				SDKROOT = iphoneos;
				SWIFT_COMPILATION_MODE = wholemodule;
				SWIFT_OPTIMIZATION_LEVEL = "-O";
				VALIDATE_PRODUCT = YES;
			};
			name = Release;
		};
		1BAA6C3225FA0F3F0050EDE0 /* Debug */ = {
			isa = XCBuildConfiguration;
			baseConfigurationReference = FDB19E0B344F5A362D2216E7 /* Pods-YamahaRidersClub.debug.xcconfig */;
			buildSettings = {
				ASSETCATALOG_COMPILER_APPICON_NAME = AppIcon;
				ASSETCATALOG_COMPILER_GLOBAL_ACCENT_COLOR_NAME = AccentColor;
				CODE_SIGN_IDENTITY = "Apple Development";
				CODE_SIGN_STYLE = Automatic;
				DEVELOPMENT_TEAM = 6K6DZHJR9A;
				INFOPLIST_FILE = YamahaRidersClub/Info.plist;
				LD_RUNPATH_SEARCH_PATHS = (
					"$(inherited)",
					"@executable_path/Frameworks",
				);
				PRODUCT_BUNDLE_IDENTIFIER = com.project.YamahaRidersClub;
				PRODUCT_NAME = "$(TARGET_NAME)";
				PROVISIONING_PROFILE_SPECIFIER = "";
				SWIFT_VERSION = 5.0;
				TARGETED_DEVICE_FAMILY = "1,2";
			};
			name = Debug;
		};
		1BAA6C3325FA0F3F0050EDE0 /* Release */ = {
			isa = XCBuildConfiguration;
			baseConfigurationReference = 5687E5E4DD99F9B971E5174D /* Pods-YamahaRidersClub.release.xcconfig */;
			buildSettings = {
				ASSETCATALOG_COMPILER_APPICON_NAME = AppIcon;
				ASSETCATALOG_COMPILER_GLOBAL_ACCENT_COLOR_NAME = AccentColor;
				CODE_SIGN_IDENTITY = "Apple Development";
				CODE_SIGN_STYLE = Automatic;
				DEVELOPMENT_TEAM = 6K6DZHJR9A;
				INFOPLIST_FILE = YamahaRidersClub/Info.plist;
				LD_RUNPATH_SEARCH_PATHS = (
					"$(inherited)",
					"@executable_path/Frameworks",
				);
				PRODUCT_BUNDLE_IDENTIFIER = com.project.YamahaRidersClub;
				PRODUCT_NAME = "$(TARGET_NAME)";
				PROVISIONING_PROFILE_SPECIFIER = "";
				SWIFT_VERSION = 5.0;
				TARGETED_DEVICE_FAMILY = "1,2";
			};
			name = Release;
		};
		1BAA6C3525FA0F3F0050EDE0 /* Debug */ = {
			isa = XCBuildConfiguration;
			baseConfigurationReference = 79D5F9F1CA47421540422D23 /* Pods-YamahaRidersClubTests.debug.xcconfig */;
			buildSettings = {
				ALWAYS_EMBED_SWIFT_STANDARD_LIBRARIES = YES;
				BUNDLE_LOADER = "$(TEST_HOST)";
				CODE_SIGN_STYLE = Automatic;
				DEVELOPMENT_TEAM = 66MXJKH4WQ;
				INFOPLIST_FILE = YamahaRidersClubTests/Info.plist;
				IPHONEOS_DEPLOYMENT_TARGET = 14.0;
				LD_RUNPATH_SEARCH_PATHS = (
					"$(inherited)",
					"@executable_path/Frameworks",
					"@loader_path/Frameworks",
				);
				PRODUCT_BUNDLE_IDENTIFIER = com.project2.YamahaRidersClubTests;
				PRODUCT_NAME = "$(TARGET_NAME)";
				SWIFT_VERSION = 5.0;
				TARGETED_DEVICE_FAMILY = "1,2";
				TEST_HOST = "$(BUILT_PRODUCTS_DIR)/YamahaRidersClub.app/YamahaRidersClub";
			};
			name = Debug;
		};
		1BAA6C3625FA0F3F0050EDE0 /* Release */ = {
			isa = XCBuildConfiguration;
			baseConfigurationReference = A579F14FCCC93863C0C1F4BE /* Pods-YamahaRidersClubTests.release.xcconfig */;
			buildSettings = {
				ALWAYS_EMBED_SWIFT_STANDARD_LIBRARIES = YES;
				BUNDLE_LOADER = "$(TEST_HOST)";
				CODE_SIGN_STYLE = Automatic;
				DEVELOPMENT_TEAM = 66MXJKH4WQ;
				INFOPLIST_FILE = YamahaRidersClubTests/Info.plist;
				IPHONEOS_DEPLOYMENT_TARGET = 14.0;
				LD_RUNPATH_SEARCH_PATHS = (
					"$(inherited)",
					"@executable_path/Frameworks",
					"@loader_path/Frameworks",
				);
				PRODUCT_BUNDLE_IDENTIFIER = com.project2.YamahaRidersClubTests;
				PRODUCT_NAME = "$(TARGET_NAME)";
				SWIFT_VERSION = 5.0;
				TARGETED_DEVICE_FAMILY = "1,2";
				TEST_HOST = "$(BUILT_PRODUCTS_DIR)/YamahaRidersClub.app/YamahaRidersClub";
			};
			name = Release;
		};
		1BAA6C3825FA0F3F0050EDE0 /* Debug */ = {
			isa = XCBuildConfiguration;
			baseConfigurationReference = 30465FA0EB2CCE6855A7D028 /* Pods-YamahaRidersClub-YamahaRidersClubUITests.debug.xcconfig */;
			buildSettings = {
				ALWAYS_EMBED_SWIFT_STANDARD_LIBRARIES = YES;
				CODE_SIGN_STYLE = Automatic;
				DEVELOPMENT_TEAM = 66MXJKH4WQ;
				INFOPLIST_FILE = YamahaRidersClubUITests/Info.plist;
				LD_RUNPATH_SEARCH_PATHS = (
					"$(inherited)",
					"@executable_path/Frameworks",
					"@loader_path/Frameworks",
				);
				PRODUCT_BUNDLE_IDENTIFIER = com.project2.YamahaRidersClubUITests;
				PRODUCT_NAME = "$(TARGET_NAME)";
				SWIFT_VERSION = 5.0;
				TARGETED_DEVICE_FAMILY = "1,2";
				TEST_TARGET_NAME = YamahaRidersClub;
			};
			name = Debug;
		};
		1BAA6C3925FA0F3F0050EDE0 /* Release */ = {
			isa = XCBuildConfiguration;
			baseConfigurationReference = FA999A3A801BBA756350A742 /* Pods-YamahaRidersClub-YamahaRidersClubUITests.release.xcconfig */;
			buildSettings = {
				ALWAYS_EMBED_SWIFT_STANDARD_LIBRARIES = YES;
				CODE_SIGN_STYLE = Automatic;
				DEVELOPMENT_TEAM = 66MXJKH4WQ;
				INFOPLIST_FILE = YamahaRidersClubUITests/Info.plist;
				LD_RUNPATH_SEARCH_PATHS = (
					"$(inherited)",
					"@executable_path/Frameworks",
					"@loader_path/Frameworks",
				);
				PRODUCT_BUNDLE_IDENTIFIER = com.project2.YamahaRidersClubUITests;
				PRODUCT_NAME = "$(TARGET_NAME)";
				SWIFT_VERSION = 5.0;
				TARGETED_DEVICE_FAMILY = "1,2";
				TEST_TARGET_NAME = YamahaRidersClub;
			};
			name = Release;
		};
/* End XCBuildConfiguration section */

/* Begin XCConfigurationList section */
		1BAA6BFF25FA0F3C0050EDE0 /* Build configuration list for PBXProject "YamahaRidersClub" */ = {
			isa = XCConfigurationList;
			buildConfigurations = (
				1BAA6C2F25FA0F3F0050EDE0 /* Debug */,
				1BAA6C3025FA0F3F0050EDE0 /* Release */,
			);
			defaultConfigurationIsVisible = 0;
			defaultConfigurationName = Release;
		};
		1BAA6C3125FA0F3F0050EDE0 /* Build configuration list for PBXNativeTarget "YamahaRidersClub" */ = {
			isa = XCConfigurationList;
			buildConfigurations = (
				1BAA6C3225FA0F3F0050EDE0 /* Debug */,
				1BAA6C3325FA0F3F0050EDE0 /* Release */,
			);
			defaultConfigurationIsVisible = 0;
			defaultConfigurationName = Release;
		};
		1BAA6C3425FA0F3F0050EDE0 /* Build configuration list for PBXNativeTarget "YamahaRidersClubTests" */ = {
			isa = XCConfigurationList;
			buildConfigurations = (
				1BAA6C3525FA0F3F0050EDE0 /* Debug */,
				1BAA6C3625FA0F3F0050EDE0 /* Release */,
			);
			defaultConfigurationIsVisible = 0;
			defaultConfigurationName = Release;
		};
		1BAA6C3725FA0F3F0050EDE0 /* Build configuration list for PBXNativeTarget "YamahaRidersClubUITests" */ = {
			isa = XCConfigurationList;
			buildConfigurations = (
				1BAA6C3825FA0F3F0050EDE0 /* Debug */,
				1BAA6C3925FA0F3F0050EDE0 /* Release */,
			);
			defaultConfigurationIsVisible = 0;
			defaultConfigurationName = Release;
		};
/* End XCConfigurationList section */

/* Begin XCVersionGroup section */
		1BAA6C1025FA0F3C0050EDE0 /* YamahaRidersClub.xcdatamodeld */ = {
			isa = XCVersionGroup;
			children = (
				1BAA6C1125FA0F3C0050EDE0 /* YamahaRidersClub.xcdatamodel */,
			);
			currentVersion = 1BAA6C1125FA0F3C0050EDE0 /* YamahaRidersClub.xcdatamodel */;
			path = YamahaRidersClub.xcdatamodeld;
			sourceTree = "<group>";
			versionGroupType = wrapper.xcdatamodel;
		};
/* End XCVersionGroup section */
	};
	rootObject = 1BAA6BFC25FA0F3C0050EDE0 /* Project object */;
}
